PODS:
  - AWSAuthCore (2.8.4):
    - AWSCore (= 2.8.4)
  - AWSCognito (2.8.4):
    - AWSCore (= 2.8.4)
  - AWSCognitoIdentityProvider (2.8.4):
    - AWSCognitoIdentityProviderASF (= 1.0.1)
    - AWSCore (= 2.8.4)
  - AWSCognitoIdentityProviderASF (1.0.1)
  - AWSCore (2.8.4)
  - AWSMobileClient (2.8.4):
    - AWSAuthCore (= 2.8.4)
    - AWSCognitoIdentityProvider (= 2.8.4)
  - PlacenoteSDK (1.6.11)

DEPENDENCIES:
  - AWSCognito
  - AWSCore
  - AWSMobileClient
  - PlacenoteSDK

SPEC REPOS:
  https://github.com/cocoapods/specs.git:
    - AWSAuthCore
    - AWSCognito
    - AWSCognitoIdentityProvider
    - AWSCognitoIdentityProviderASF
    - AWSCore
    - AWSMobileClient
    - PlacenoteSDK

SPEC CHECKSUMS:
  AWSAuthCore: ac2536f54f73a2914c236e266cbec02a49f57d69
  AWSCognito: d7f7e9aaa26f163fe2d32114e28f59fa5d996805
  AWSCognitoIdentityProvider: ba1858e7524b29254172ae333e1f96ddc93507dc
  AWSCognitoIdentityProviderASF: f94f1a502e72ef3d0a1de93e10bf7a79c8698118
  AWSCore: 734b0d67c2c77f6edae9e5520431a37310ea4193
  AWSMobileClient: 59072ca49e82706c6d958f7a08e4a285d7197af1
  PlacenoteSDK: 31643304b245a0ba300e0c2213107ae95347c66f

PODFILE CHECKSUM: 4417d7d6cc77af6e955df3c796971b715a85bf46

COCOAPODS: 1.5.3
