PODS:
  - AWSCognitoIdentityProvider (2.5.10):
    - AWSCore (= 2.5.10)
  - AWSCore (2.5.10)
  - PlacenoteSDK (1.6.11)

DEPENDENCIES:
  - AWSCognitoIdentityProvider (~> 2.5.5)
  - AWSCore (~> 2.5.5)
  - PlacenoteSDK

SPEC REPOS:
  https://github.com/cocoapods/specs.git:
    - AWSCognitoIdentityProvider
    - AWSCore
    - PlacenoteSDK

SPEC CHECKSUMS:
  AWSCognitoIdentityProvider: 50c770c5d6a16788e4e4596986cd9be2bcbc5ace
  AWSCore: 490c988f6af48a10ea113ff06c53a1ef72a3534b
  PlacenoteSDK: 31643304b245a0ba300e0c2213107ae95347c66f

PODFILE CHECKSUM: ce0515dd48c21f29e932f55ab1a6c4c68c01cb9c

COCOAPODS: 1.5.3
