// !$*UTF8*$!
{
	archiveVersion = 1;
	classes = {
	};
	objectVersion = 48;
	objects = {

/* Begin PBXBuildFile section */
		2507ACA7224AC7A1007512D5 /* ViewControllerFP.swift in Sources */ = {isa = PBXBuildFile; fileRef = 2507ACA6224AC7A1007512D5 /* ViewControllerFP.swift */; };
		2507ACA9224ACA52007512D5 /* FP.pdf in Resources */ = {isa = PBXBuildFile; fileRef = 2507ACA8224ACA52007512D5 /* FP.pdf */; };
		2524EEE72242A2FD00C5DC81 /* MenuLauncherWT.swift in Sources */ = {isa = PBXBuildFile; fileRef = 2524EEE62242A2FD00C5DC81 /* MenuLauncherWT.swift */; };
		2524EEE92242ACFC00C5DC81 /* MenuCellWT.swift in Sources */ = {isa = PBXBuildFile; fileRef = 2524EEE82242ACFC00C5DC81 /* MenuCellWT.swift */; };
		2524EEEB2242AE4700C5DC81 /* BaseCell.swift in Sources */ = {isa = PBXBuildFile; fileRef = 2524EEEA2242AE4700C5DC81 /* BaseCell.swift */; };
		2524EEED2242B1CB00C5DC81 /* UIViewHelper.swift in Sources */ = {isa = PBXBuildFile; fileRef = 2524EEEC2242B1CB00C5DC81 /* UIViewHelper.swift */; };
		25B5F7C22246AB60006B9FD9 /* ViewControllerUserIns.swift in Sources */ = {isa = PBXBuildFile; fileRef = 25B5F7C12246AB60006B9FD9 /* ViewControllerUserIns.swift */; };
		25F589C4225140E7008AB444 /* MetaOT-CondBoldIta_0.otf in Resources */ = {isa = PBXBuildFile; fileRef = 25F589A9225140E5008AB444 /* MetaOT-CondBoldIta_0.otf */; };
		25F589C5225140E7008AB444 /* MetaOT-CondBold_0.otf in Resources */ = {isa = PBXBuildFile; fileRef = 25F589AA225140E6008AB444 /* MetaOT-CondBold_0.otf */; };
		25F589C6225140E7008AB444 /* MetaOT-BookIta_0.otf in Resources */ = {isa = PBXBuildFile; fileRef = 25F589AB225140E6008AB444 /* MetaOT-BookIta_0.otf */; };
		25F589C7225140E7008AB444 /* MetaOT-CondMediIta_0.otf in Resources */ = {isa = PBXBuildFile; fileRef = 25F589AC225140E6008AB444 /* MetaOT-CondMediIta_0.otf */; };
		25F589C8225140E7008AB444 /* MetaOT-CondXboldIta_0.otf in Resources */ = {isa = PBXBuildFile; fileRef = 25F589AD225140E6008AB444 /* MetaOT-CondXboldIta_0.otf */; };
		25F589C9225140E7008AB444 /* MetaOT-ThinIta_0.otf in Resources */ = {isa = PBXBuildFile; fileRef = 25F589AE225140E6008AB444 /* MetaOT-ThinIta_0.otf */; };
		25F589CA225140E7008AB444 /* MetaOT-CondXbold_0.otf in Resources */ = {isa = PBXBuildFile; fileRef = 25F589AF225140E6008AB444 /* MetaOT-CondXbold_0.otf */; };
		25F589CB225140E7008AB444 /* MetaOT-CondBook_0.otf in Resources */ = {isa = PBXBuildFile; fileRef = 25F589B0225140E6008AB444 /* MetaOT-CondBook_0.otf */; };
		25F589CC225140E7008AB444 /* MetaOT-BoldIta_0.otf in Resources */ = {isa = PBXBuildFile; fileRef = 25F589B1225140E6008AB444 /* MetaOT-BoldIta_0.otf */; };
		25F589CD225140E7008AB444 /* MetaOT-NormIta_0.otf in Resources */ = {isa = PBXBuildFile; fileRef = 25F589B2225140E6008AB444 /* MetaOT-NormIta_0.otf */; };
		25F589CE225140E7008AB444 /* MetaOT-CondNorm_0.otf in Resources */ = {isa = PBXBuildFile; fileRef = 25F589B3225140E6008AB444 /* MetaOT-CondNorm_0.otf */; };
		25F589CF225140E7008AB444 /* MetaOT-CondBlackIta.otf in Resources */ = {isa = PBXBuildFile; fileRef = 25F589B4225140E6008AB444 /* MetaOT-CondBlackIta.otf */; };
		25F589D0225140E7008AB444 /* MetaOT-CondMedi_0.otf in Resources */ = {isa = PBXBuildFile; fileRef = 25F589B5225140E6008AB444 /* MetaOT-CondMedi_0.otf */; };
		25F589D1225140E7008AB444 /* MetaOT-Hair_0.otf in Resources */ = {isa = PBXBuildFile; fileRef = 25F589B6225140E6008AB444 /* MetaOT-Hair_0.otf */; };
		25F589D2225140E7008AB444 /* MetaOT-BoldItalic.otf in Resources */ = {isa = PBXBuildFile; fileRef = 25F589B7225140E6008AB444 /* MetaOT-BoldItalic.otf */; };
		25F589D3225140E7008AB444 /* MetaOT-Book.otf in Resources */ = {isa = PBXBuildFile; fileRef = 25F589B8225140E6008AB444 /* MetaOT-Book.otf */; };
		25F589D4225140E7008AB444 /* MetaOT-LightIta_0.otf in Resources */ = {isa = PBXBuildFile; fileRef = 25F589B9225140E6008AB444 /* MetaOT-LightIta_0.otf */; };
		25F589D5225140E7008AB444 /* MetaOT-BlackIta_0.otf in Resources */ = {isa = PBXBuildFile; fileRef = 25F589BA225140E6008AB444 /* MetaOT-BlackIta_0.otf */; };
		25F589D6225140E7008AB444 /* MetaOT-CondBookIta_0.otf in Resources */ = {isa = PBXBuildFile; fileRef = 25F589BB225140E6008AB444 /* MetaOT-CondBookIta_0.otf */; };
		25F589D7225140E7008AB444 /* MetaOT-CondBlack.otf in Resources */ = {isa = PBXBuildFile; fileRef = 25F589BC225140E6008AB444 /* MetaOT-CondBlack.otf */; };
		25F589D8225140E7008AB444 /* MetaOT-MediIta_0.otf in Resources */ = {isa = PBXBuildFile; fileRef = 25F589BD225140E6008AB444 /* MetaOT-MediIta_0.otf */; };
		25F589D9225140E7008AB444 /* MetaOT-BookItalic.otf in Resources */ = {isa = PBXBuildFile; fileRef = 25F589BE225140E7008AB444 /* MetaOT-BookItalic.otf */; };
		25F589DA225140E7008AB444 /* MetaOT-Thin_0.otf in Resources */ = {isa = PBXBuildFile; fileRef = 25F589BF225140E7008AB444 /* MetaOT-Thin_0.otf */; };
		25F589DB225140E7008AB444 /* MetaOT-Norm_0.otf in Resources */ = {isa = PBXBuildFile; fileRef = 25F589C0225140E7008AB444 /* MetaOT-Norm_0.otf */; };
		25F589DC225140E7008AB444 /* MetaOT-CondNormIta_0.otf in Resources */ = {isa = PBXBuildFile; fileRef = 25F589C1225140E7008AB444 /* MetaOT-CondNormIta_0.otf */; };
		25F589DD225140E7008AB444 /* MetaOT-Light_0.otf in Resources */ = {isa = PBXBuildFile; fileRef = 25F589C2225140E7008AB444 /* MetaOT-Light_0.otf */; };
		25F589DE225140E7008AB444 /* MetaOT-Bold.otf in Resources */ = {isa = PBXBuildFile; fileRef = 25F589C3225140E7008AB444 /* MetaOT-Bold.otf */; };
		7FBF965C5C3B1E5C0F8DE1AB /* Pods_PlacenoteSDKExample.framework in Frameworks */ = {isa = PBXBuildFile; fileRef = FC572E55F179D977C01BA451 /* Pods_PlacenoteSDKExample.framework */; };
		840963372224F8E900AE4C02 /* AdminLoginViewController.swift in Sources */ = {isa = PBXBuildFile; fileRef = 840963362224F8E900AE4C02 /* AdminLoginViewController.swift */; };
		841987002202696000404F88 /* NavigationNode.swift in Sources */ = {isa = PBXBuildFile; fileRef = 841986FF2202696000404F88 /* NavigationNode.swift */; };
		8421BD12223C2C570006F617 /* MapSort.swift in Sources */ = {isa = PBXBuildFile; fileRef = 8421BD11223C2C570006F617 /* MapSort.swift */; };
		842D53B2221E62FE00A4DBF7 /* UserLocalizationViewController.swift in Sources */ = {isa = PBXBuildFile; fileRef = 842D53B1221E62FE00A4DBF7 /* UserLocalizationViewController.swift */; };
		843AA8F2221377070070EF03 /* ViewControllerWT.swift in Sources */ = {isa = PBXBuildFile; fileRef = 843AA8F1221377070070EF03 /* ViewControllerWT.swift */; };
		8487E28822483BBC00A54F24 /* MetaOT-Black_0.otf in Resources */ = {isa = PBXBuildFile; fileRef = 8487E28722483BBC00A54F24 /* MetaOT-Black_0.otf */; };
		84EBFE34224C442700E42E8C /* MetaOT-HairIta_0.otf in Resources */ = {isa = PBXBuildFile; fileRef = 84EBFE33224C442700E42E8C /* MetaOT-HairIta_0.otf */; };
		84EBFE37224C468000E42E8C /* MetaOT-Medi_0.otf in Resources */ = {isa = PBXBuildFile; fileRef = 84EBFE36224C468000E42E8C /* MetaOT-Medi_0.otf */; };
		84FA508522512F37005B430A /* ViewControllerUM.swift in Sources */ = {isa = PBXBuildFile; fileRef = 84274A302244339E00683F8E /* ViewControllerUM.swift */; };
		A28C7963202A46F40052F3FB /* AppDelegate.swift in Sources */ = {isa = PBXBuildFile; fileRef = A28C7962202A46F40052F3FB /* AppDelegate.swift */; };
		A28C7965202A46F40052F3FB /* ViewController.swift in Sources */ = {isa = PBXBuildFile; fileRef = A28C7964202A46F40052F3FB /* ViewController.swift */; };
		A28C7968202A46F40052F3FB /* Main.storyboard in Resources */ = {isa = PBXBuildFile; fileRef = A28C7966202A46F40052F3FB /* Main.storyboard */; };
		A28C796A202A46F40052F3FB /* Assets.xcassets in Resources */ = {isa = PBXBuildFile; fileRef = A28C7969202A46F40052F3FB /* Assets.xcassets */; };
		A28C796D202A46F40052F3FB /* LaunchScreen.storyboard in Resources */ = {isa = PBXBuildFile; fileRef = A28C796B202A46F40052F3FB /* LaunchScreen.storyboard */; };
		A28C7992202A48190052F3FB /* ShapeType.swift in Sources */ = {isa = PBXBuildFile; fileRef = A28C7990202A48190052F3FB /* ShapeType.swift */; };
		A28C7993202A48190052F3FB /* ShapeManager.swift in Sources */ = {isa = PBXBuildFile; fileRef = A28C7991202A48190052F3FB /* ShapeManager.swift */; };
		A955DBA0221EE784005603EF /* ViewControllerWAY.swift in Sources */ = {isa = PBXBuildFile; fileRef = A955DB9F221EE784005603EF /* ViewControllerWAY.swift */; };
		A9BA5F032201067A00998DFB /* Vertex.swift in Sources */ = {isa = PBXBuildFile; fileRef = A9BA5F022201067A00998DFB /* Vertex.swift */; };
		A9BA5F052201075200998DFB /* Edge.swift in Sources */ = {isa = PBXBuildFile; fileRef = A9BA5F042201075200998DFB /* Edge.swift */; };
		A9BA5F07220107EA00998DFB /* Graphable.swift in Sources */ = {isa = PBXBuildFile; fileRef = A9BA5F06220107EA00998DFB /* Graphable.swift */; };
		A9BA5F092201085C00998DFB /* AdjacencyList.swift in Sources */ = {isa = PBXBuildFile; fileRef = A9BA5F082201085C00998DFB /* AdjacencyList.swift */; };
/* End PBXBuildFile section */

/* Begin PBXFileReference section */
		2507ACA6224AC7A1007512D5 /* ViewControllerFP.swift */ = {isa = PBXFileReference; lastKnownFileType = sourcecode.swift; path = ViewControllerFP.swift; sourceTree = "<group>"; };
		2507ACA8224ACA52007512D5 /* FP.pdf */ = {isa = PBXFileReference; lastKnownFileType = image.pdf; path = FP.pdf; sourceTree = "<group>"; };
		2524EEE62242A2FD00C5DC81 /* MenuLauncherWT.swift */ = {isa = PBXFileReference; lastKnownFileType = sourcecode.swift; path = MenuLauncherWT.swift; sourceTree = "<group>"; };
		2524EEE82242ACFC00C5DC81 /* MenuCellWT.swift */ = {isa = PBXFileReference; lastKnownFileType = sourcecode.swift; path = MenuCellWT.swift; sourceTree = "<group>"; };
		2524EEEA2242AE4700C5DC81 /* BaseCell.swift */ = {isa = PBXFileReference; lastKnownFileType = sourcecode.swift; path = BaseCell.swift; sourceTree = "<group>"; };
		2524EEEC2242B1CB00C5DC81 /* UIViewHelper.swift */ = {isa = PBXFileReference; lastKnownFileType = sourcecode.swift; path = UIViewHelper.swift; sourceTree = "<group>"; };
		25B5F7C12246AB60006B9FD9 /* ViewControllerUserIns.swift */ = {isa = PBXFileReference; lastKnownFileType = sourcecode.swift; path = ViewControllerUserIns.swift; sourceTree = "<group>"; };
		25F589A9225140E5008AB444 /* MetaOT-CondBoldIta_0.otf */ = {isa = PBXFileReference; lastKnownFileType = file; name = "MetaOT-CondBoldIta_0.otf"; path = "PlacenoteSDKExample/Meta Font/MetaOT-CondBoldIta_0.otf"; sourceTree = SOURCE_ROOT; };
		25F589AA225140E6008AB444 /* MetaOT-CondBold_0.otf */ = {isa = PBXFileReference; lastKnownFileType = file; name = "MetaOT-CondBold_0.otf"; path = "PlacenoteSDKExample/Meta Font/MetaOT-CondBold_0.otf"; sourceTree = SOURCE_ROOT; };
		25F589AB225140E6008AB444 /* MetaOT-BookIta_0.otf */ = {isa = PBXFileReference; lastKnownFileType = file; name = "MetaOT-BookIta_0.otf"; path = "PlacenoteSDKExample/Meta Font/MetaOT-BookIta_0.otf"; sourceTree = SOURCE_ROOT; };
		25F589AC225140E6008AB444 /* MetaOT-CondMediIta_0.otf */ = {isa = PBXFileReference; lastKnownFileType = file; name = "MetaOT-CondMediIta_0.otf"; path = "PlacenoteSDKExample/Meta Font/MetaOT-CondMediIta_0.otf"; sourceTree = SOURCE_ROOT; };
		25F589AD225140E6008AB444 /* MetaOT-CondXboldIta_0.otf */ = {isa = PBXFileReference; lastKnownFileType = file; name = "MetaOT-CondXboldIta_0.otf"; path = "PlacenoteSDKExample/Meta Font/MetaOT-CondXboldIta_0.otf"; sourceTree = SOURCE_ROOT; };
		25F589AE225140E6008AB444 /* MetaOT-ThinIta_0.otf */ = {isa = PBXFileReference; lastKnownFileType = file; name = "MetaOT-ThinIta_0.otf"; path = "PlacenoteSDKExample/Meta Font/MetaOT-ThinIta_0.otf"; sourceTree = SOURCE_ROOT; };
		25F589AF225140E6008AB444 /* MetaOT-CondXbold_0.otf */ = {isa = PBXFileReference; lastKnownFileType = file; name = "MetaOT-CondXbold_0.otf"; path = "PlacenoteSDKExample/Meta Font/MetaOT-CondXbold_0.otf"; sourceTree = SOURCE_ROOT; };
		25F589B0225140E6008AB444 /* MetaOT-CondBook_0.otf */ = {isa = PBXFileReference; lastKnownFileType = file; name = "MetaOT-CondBook_0.otf"; path = "PlacenoteSDKExample/Meta Font/MetaOT-CondBook_0.otf"; sourceTree = SOURCE_ROOT; };
		25F589B1225140E6008AB444 /* MetaOT-BoldIta_0.otf */ = {isa = PBXFileReference; lastKnownFileType = file; name = "MetaOT-BoldIta_0.otf"; path = "PlacenoteSDKExample/Meta Font/MetaOT-BoldIta_0.otf"; sourceTree = SOURCE_ROOT; };
		25F589B2225140E6008AB444 /* MetaOT-NormIta_0.otf */ = {isa = PBXFileReference; lastKnownFileType = file; name = "MetaOT-NormIta_0.otf"; path = "PlacenoteSDKExample/Meta Font/MetaOT-NormIta_0.otf"; sourceTree = SOURCE_ROOT; };
		25F589B3225140E6008AB444 /* MetaOT-CondNorm_0.otf */ = {isa = PBXFileReference; lastKnownFileType = file; name = "MetaOT-CondNorm_0.otf"; path = "PlacenoteSDKExample/Meta Font/MetaOT-CondNorm_0.otf"; sourceTree = SOURCE_ROOT; };
		25F589B4225140E6008AB444 /* MetaOT-CondBlackIta.otf */ = {isa = PBXFileReference; lastKnownFileType = file; name = "MetaOT-CondBlackIta.otf"; path = "PlacenoteSDKExample/Meta Font/MetaOT-CondBlackIta.otf"; sourceTree = SOURCE_ROOT; };
		25F589B5225140E6008AB444 /* MetaOT-CondMedi_0.otf */ = {isa = PBXFileReference; lastKnownFileType = file; name = "MetaOT-CondMedi_0.otf"; path = "PlacenoteSDKExample/Meta Font/MetaOT-CondMedi_0.otf"; sourceTree = SOURCE_ROOT; };
		25F589B6225140E6008AB444 /* MetaOT-Hair_0.otf */ = {isa = PBXFileReference; lastKnownFileType = file; name = "MetaOT-Hair_0.otf"; path = "PlacenoteSDKExample/Meta Font/MetaOT-Hair_0.otf"; sourceTree = SOURCE_ROOT; };
		25F589B7225140E6008AB444 /* MetaOT-BoldItalic.otf */ = {isa = PBXFileReference; lastKnownFileType = file; name = "MetaOT-BoldItalic.otf"; path = "PlacenoteSDKExample/Meta Font/MetaOT-BoldItalic.otf"; sourceTree = SOURCE_ROOT; };
		25F589B8225140E6008AB444 /* MetaOT-Book.otf */ = {isa = PBXFileReference; lastKnownFileType = file; name = "MetaOT-Book.otf"; path = "PlacenoteSDKExample/Meta Font/MetaOT-Book.otf"; sourceTree = SOURCE_ROOT; };
		25F589B9225140E6008AB444 /* MetaOT-LightIta_0.otf */ = {isa = PBXFileReference; lastKnownFileType = file; name = "MetaOT-LightIta_0.otf"; path = "PlacenoteSDKExample/Meta Font/MetaOT-LightIta_0.otf"; sourceTree = SOURCE_ROOT; };
		25F589BA225140E6008AB444 /* MetaOT-BlackIta_0.otf */ = {isa = PBXFileReference; lastKnownFileType = file; name = "MetaOT-BlackIta_0.otf"; path = "PlacenoteSDKExample/Meta Font/MetaOT-BlackIta_0.otf"; sourceTree = SOURCE_ROOT; };
		25F589BB225140E6008AB444 /* MetaOT-CondBookIta_0.otf */ = {isa = PBXFileReference; lastKnownFileType = file; name = "MetaOT-CondBookIta_0.otf"; path = "PlacenoteSDKExample/Meta Font/MetaOT-CondBookIta_0.otf"; sourceTree = SOURCE_ROOT; };
		25F589BC225140E6008AB444 /* MetaOT-CondBlack.otf */ = {isa = PBXFileReference; lastKnownFileType = file; name = "MetaOT-CondBlack.otf"; path = "PlacenoteSDKExample/Meta Font/MetaOT-CondBlack.otf"; sourceTree = SOURCE_ROOT; };
		25F589BD225140E6008AB444 /* MetaOT-MediIta_0.otf */ = {isa = PBXFileReference; lastKnownFileType = file; name = "MetaOT-MediIta_0.otf"; path = "PlacenoteSDKExample/Meta Font/MetaOT-MediIta_0.otf"; sourceTree = SOURCE_ROOT; };
		25F589BE225140E7008AB444 /* MetaOT-BookItalic.otf */ = {isa = PBXFileReference; lastKnownFileType = file; name = "MetaOT-BookItalic.otf"; path = "PlacenoteSDKExample/Meta Font/MetaOT-BookItalic.otf"; sourceTree = SOURCE_ROOT; };
		25F589BF225140E7008AB444 /* MetaOT-Thin_0.otf */ = {isa = PBXFileReference; lastKnownFileType = file; name = "MetaOT-Thin_0.otf"; path = "PlacenoteSDKExample/Meta Font/MetaOT-Thin_0.otf"; sourceTree = SOURCE_ROOT; };
		25F589C0225140E7008AB444 /* MetaOT-Norm_0.otf */ = {isa = PBXFileReference; lastKnownFileType = file; name = "MetaOT-Norm_0.otf"; path = "PlacenoteSDKExample/Meta Font/MetaOT-Norm_0.otf"; sourceTree = SOURCE_ROOT; };
		25F589C1225140E7008AB444 /* MetaOT-CondNormIta_0.otf */ = {isa = PBXFileReference; lastKnownFileType = file; name = "MetaOT-CondNormIta_0.otf"; path = "PlacenoteSDKExample/Meta Font/MetaOT-CondNormIta_0.otf"; sourceTree = SOURCE_ROOT; };
		25F589C2225140E7008AB444 /* MetaOT-Light_0.otf */ = {isa = PBXFileReference; lastKnownFileType = file; name = "MetaOT-Light_0.otf"; path = "PlacenoteSDKExample/Meta Font/MetaOT-Light_0.otf"; sourceTree = SOURCE_ROOT; };
		25F589C3225140E7008AB444 /* MetaOT-Bold.otf */ = {isa = PBXFileReference; lastKnownFileType = file; name = "MetaOT-Bold.otf"; path = "PlacenoteSDKExample/Meta Font/MetaOT-Bold.otf"; sourceTree = SOURCE_ROOT; };
		2904538A54D1EA278D335F50 /* Pods-PlacenoteSDKExample.release.xcconfig */ = {isa = PBXFileReference; includeInIndex = 1; lastKnownFileType = text.xcconfig; name = "Pods-PlacenoteSDKExample.release.xcconfig"; path = "Pods/Target Support Files/Pods-PlacenoteSDKExample/Pods-PlacenoteSDKExample.release.xcconfig"; sourceTree = "<group>"; };
		840963362224F8E900AE4C02 /* AdminLoginViewController.swift */ = {isa = PBXFileReference; lastKnownFileType = sourcecode.swift; path = AdminLoginViewController.swift; sourceTree = "<group>"; };
		841986FF2202696000404F88 /* NavigationNode.swift */ = {isa = PBXFileReference; lastKnownFileType = sourcecode.swift; path = NavigationNode.swift; sourceTree = "<group>"; };
		8421BD11223C2C570006F617 /* MapSort.swift */ = {isa = PBXFileReference; lastKnownFileType = sourcecode.swift; path = MapSort.swift; sourceTree = "<group>"; };
		84274A302244339E00683F8E /* ViewControllerUM.swift */ = {isa = PBXFileReference; lastKnownFileType = sourcecode.swift; path = ViewControllerUM.swift; sourceTree = "<group>"; };
		842D53B1221E62FE00A4DBF7 /* UserLocalizationViewController.swift */ = {isa = PBXFileReference; lastKnownFileType = sourcecode.swift; path = UserLocalizationViewController.swift; sourceTree = "<group>"; };
		843AA8F1221377070070EF03 /* ViewControllerWT.swift */ = {isa = PBXFileReference; lastKnownFileType = sourcecode.swift; path = ViewControllerWT.swift; sourceTree = "<group>"; };
		8487E28722483BBC00A54F24 /* MetaOT-Black_0.otf */ = {isa = PBXFileReference; lastKnownFileType = file; name = "MetaOT-Black_0.otf"; path = "PlacenoteSDKExample/Meta Font/MetaOT-Black_0.otf"; sourceTree = SOURCE_ROOT; };
		84AC01DD2257A2FA001B60C6 /* art.scnassets */ = {isa = PBXFileReference; lastKnownFileType = wrapper.scnassets; name = art.scnassets; path = "/Users/cse498/Desktop/Team-marshmallow/PlacenoteSDKExample/art.scnassets"; sourceTree = "<absolute>"; };
		84EBFE33224C442700E42E8C /* MetaOT-HairIta_0.otf */ = {isa = PBXFileReference; lastKnownFileType = file; name = "MetaOT-HairIta_0.otf"; path = "PlacenoteSDKExample/Meta Font/MetaOT-HairIta_0.otf"; sourceTree = SOURCE_ROOT; };
		84EBFE36224C468000E42E8C /* MetaOT-Medi_0.otf */ = {isa = PBXFileReference; lastKnownFileType = file; name = "MetaOT-Medi_0.otf"; path = "PlacenoteSDKExample/Meta Font/MetaOT-Medi_0.otf"; sourceTree = SOURCE_ROOT; };
		8D2EF9CBDC0F285A1BE9E787 /* Pods-PlacenoteSDKExample.debug.xcconfig */ = {isa = PBXFileReference; includeInIndex = 1; lastKnownFileType = text.xcconfig; name = "Pods-PlacenoteSDKExample.debug.xcconfig"; path = "Pods/Target Support Files/Pods-PlacenoteSDKExample/Pods-PlacenoteSDKExample.debug.xcconfig"; sourceTree = "<group>"; };
		A28C795F202A46F40052F3FB /* Where To?.app */ = {isa = PBXFileReference; explicitFileType = wrapper.application; includeInIndex = 0; path = "Where To?.app"; sourceTree = BUILT_PRODUCTS_DIR; };
		A28C7962202A46F40052F3FB /* AppDelegate.swift */ = {isa = PBXFileReference; lastKnownFileType = sourcecode.swift; path = AppDelegate.swift; sourceTree = "<group>"; };
		A28C7964202A46F40052F3FB /* ViewController.swift */ = {isa = PBXFileReference; indentWidth = 2; lastKnownFileType = sourcecode.swift; path = ViewController.swift; sourceTree = "<group>"; tabWidth = 2; };
		A28C7967202A46F40052F3FB /* Base */ = {isa = PBXFileReference; lastKnownFileType = file.storyboard; name = Base; path = Base.lproj/Main.storyboard; sourceTree = "<group>"; };
		A28C7969202A46F40052F3FB /* Assets.xcassets */ = {isa = PBXFileReference; lastKnownFileType = folder.assetcatalog; path = Assets.xcassets; sourceTree = "<group>"; };
		A28C796C202A46F40052F3FB /* Base */ = {isa = PBXFileReference; lastKnownFileType = file.storyboard; name = Base; path = Base.lproj/LaunchScreen.storyboard; sourceTree = "<group>"; };
		A28C796E202A46F40052F3FB /* Info.plist */ = {isa = PBXFileReference; lastKnownFileType = text.plist.xml; path = Info.plist; sourceTree = "<group>"; };
		A28C7990202A48190052F3FB /* ShapeType.swift */ = {isa = PBXFileReference; fileEncoding = 4; lastKnownFileType = sourcecode.swift; path = ShapeType.swift; sourceTree = "<group>"; };
		A28C7991202A48190052F3FB /* ShapeManager.swift */ = {isa = PBXFileReference; fileEncoding = 4; lastKnownFileType = sourcecode.swift; path = ShapeManager.swift; sourceTree = "<group>"; };
		A955DB9F221EE784005603EF /* ViewControllerWAY.swift */ = {isa = PBXFileReference; lastKnownFileType = sourcecode.swift; path = ViewControllerWAY.swift; sourceTree = "<group>"; };
		A9BA5F022201067A00998DFB /* Vertex.swift */ = {isa = PBXFileReference; lastKnownFileType = sourcecode.swift; path = Vertex.swift; sourceTree = "<group>"; };
		A9BA5F042201075200998DFB /* Edge.swift */ = {isa = PBXFileReference; lastKnownFileType = sourcecode.swift; path = Edge.swift; sourceTree = "<group>"; };
		A9BA5F06220107EA00998DFB /* Graphable.swift */ = {isa = PBXFileReference; lastKnownFileType = sourcecode.swift; path = Graphable.swift; sourceTree = "<group>"; };
		A9BA5F082201085C00998DFB /* AdjacencyList.swift */ = {isa = PBXFileReference; lastKnownFileType = sourcecode.swift; path = AdjacencyList.swift; sourceTree = "<group>"; };
		FC572E55F179D977C01BA451 /* Pods_PlacenoteSDKExample.framework */ = {isa = PBXFileReference; explicitFileType = wrapper.framework; includeInIndex = 0; path = Pods_PlacenoteSDKExample.framework; sourceTree = BUILT_PRODUCTS_DIR; };
/* End PBXFileReference section */

/* Begin PBXFrameworksBuildPhase section */
		A28C795C202A46F40052F3FB /* Frameworks */ = {
			isa = PBXFrameworksBuildPhase;
			buildActionMask = 2147483647;
			files = (
				7FBF965C5C3B1E5C0F8DE1AB /* Pods_PlacenoteSDKExample.framework in Frameworks */,
			);
			runOnlyForDeploymentPostprocessing = 0;
		};
/* End PBXFrameworksBuildPhase section */

/* Begin PBXGroup section */
		2599DE5822483F7400CB7080 /* Meta Font */ = {
			isa = PBXGroup;
			children = (
				25F589BA225140E6008AB444 /* MetaOT-BlackIta_0.otf */,
				25F589C3225140E7008AB444 /* MetaOT-Bold.otf */,
				25F589B1225140E6008AB444 /* MetaOT-BoldIta_0.otf */,
				25F589B7225140E6008AB444 /* MetaOT-BoldItalic.otf */,
				25F589B8225140E6008AB444 /* MetaOT-Book.otf */,
				25F589AB225140E6008AB444 /* MetaOT-BookIta_0.otf */,
				25F589BE225140E7008AB444 /* MetaOT-BookItalic.otf */,
				25F589BC225140E6008AB444 /* MetaOT-CondBlack.otf */,
				25F589B4225140E6008AB444 /* MetaOT-CondBlackIta.otf */,
				25F589AA225140E6008AB444 /* MetaOT-CondBold_0.otf */,
				25F589A9225140E5008AB444 /* MetaOT-CondBoldIta_0.otf */,
				25F589B0225140E6008AB444 /* MetaOT-CondBook_0.otf */,
				25F589BB225140E6008AB444 /* MetaOT-CondBookIta_0.otf */,
				25F589B5225140E6008AB444 /* MetaOT-CondMedi_0.otf */,
				25F589AC225140E6008AB444 /* MetaOT-CondMediIta_0.otf */,
				25F589B3225140E6008AB444 /* MetaOT-CondNorm_0.otf */,
				25F589C1225140E7008AB444 /* MetaOT-CondNormIta_0.otf */,
				25F589AF225140E6008AB444 /* MetaOT-CondXbold_0.otf */,
				25F589AD225140E6008AB444 /* MetaOT-CondXboldIta_0.otf */,
				25F589B6225140E6008AB444 /* MetaOT-Hair_0.otf */,
				25F589C2225140E7008AB444 /* MetaOT-Light_0.otf */,
				25F589B9225140E6008AB444 /* MetaOT-LightIta_0.otf */,
				25F589BD225140E6008AB444 /* MetaOT-MediIta_0.otf */,
				25F589C0225140E7008AB444 /* MetaOT-Norm_0.otf */,
				25F589B2225140E6008AB444 /* MetaOT-NormIta_0.otf */,
				25F589BF225140E7008AB444 /* MetaOT-Thin_0.otf */,
				25F589AE225140E6008AB444 /* MetaOT-ThinIta_0.otf */,
			);
			name = "Meta Font";
			path = "New Group";
			sourceTree = "<group>";
		};
		4C6986BF447C6000E81885EC /* Frameworks */ = {
			isa = PBXGroup;
			children = (
				FC572E55F179D977C01BA451 /* Pods_PlacenoteSDKExample.framework */,
			);
			name = Frameworks;
			sourceTree = "<group>";
		};
		8487E28622483B9200A54F24 /* Fonts */ = {
			isa = PBXGroup;
			children = (
				84EBFE36224C468000E42E8C /* MetaOT-Medi_0.otf */,
				84EBFE33224C442700E42E8C /* MetaOT-HairIta_0.otf */,
				8487E28722483BBC00A54F24 /* MetaOT-Black_0.otf */,
			);
			path = Fonts;
			sourceTree = "<group>";
		};
		9A3DFA0AD5B2FBB266B40DEE /* Pods */ = {
			isa = PBXGroup;
			children = (
				8D2EF9CBDC0F285A1BE9E787 /* Pods-PlacenoteSDKExample.debug.xcconfig */,
				2904538A54D1EA278D335F50 /* Pods-PlacenoteSDKExample.release.xcconfig */,
			);
			name = Pods;
			sourceTree = "<group>";
		};
		A28C7956202A46F40052F3FB = {
			isa = PBXGroup;
			children = (
				A28C7961202A46F40052F3FB /* PlacenoteSDKExample */,
				A28C7960202A46F40052F3FB /* Products */,
				9A3DFA0AD5B2FBB266B40DEE /* Pods */,
				4C6986BF447C6000E81885EC /* Frameworks */,
			);
			sourceTree = "<group>";
		};
		A28C7960202A46F40052F3FB /* Products */ = {
			isa = PBXGroup;
			children = (
				A28C795F202A46F40052F3FB /* Where To?.app */,
			);
			name = Products;
			sourceTree = "<group>";
		};
		A28C7961202A46F40052F3FB /* PlacenoteSDKExample */ = {
			isa = PBXGroup;
			children = (
				2599DE5822483F7400CB7080 /* Meta Font */,
				8487E28622483B9200A54F24 /* Fonts */,
				A9BA5F0A22010D6700998DFB /* Graph */,
				A28C7962202A46F40052F3FB /* AppDelegate.swift */,
				84AC01DD2257A2FA001B60C6 /* art.scnassets */,
				A28C7964202A46F40052F3FB /* ViewController.swift */,
				A955DB9F221EE784005603EF /* ViewControllerWAY.swift */,
				843AA8F1221377070070EF03 /* ViewControllerWT.swift */,
				A28C7991202A48190052F3FB /* ShapeManager.swift */,
				A28C7990202A48190052F3FB /* ShapeType.swift */,
				A28C7966202A46F40052F3FB /* Main.storyboard */,
				2507ACA8224ACA52007512D5 /* FP.pdf */,
				84274A302244339E00683F8E /* ViewControllerUM.swift */,
				A28C7969202A46F40052F3FB /* Assets.xcassets */,
				A28C796B202A46F40052F3FB /* LaunchScreen.storyboard */,
				A28C796E202A46F40052F3FB /* Info.plist */,
				841986FF2202696000404F88 /* NavigationNode.swift */,
				842D53B1221E62FE00A4DBF7 /* UserLocalizationViewController.swift */,
				840963362224F8E900AE4C02 /* AdminLoginViewController.swift */,
				8421BD11223C2C570006F617 /* MapSort.swift */,
				2524EEE62242A2FD00C5DC81 /* MenuLauncherWT.swift */,
				2524EEE82242ACFC00C5DC81 /* MenuCellWT.swift */,
				2524EEEA2242AE4700C5DC81 /* BaseCell.swift */,
				2524EEEC2242B1CB00C5DC81 /* UIViewHelper.swift */,
				25B5F7C12246AB60006B9FD9 /* ViewControllerUserIns.swift */,
				2507ACA6224AC7A1007512D5 /* ViewControllerFP.swift */,
			);
			path = PlacenoteSDKExample;
			sourceTree = "<group>";
		};
		A9BA5F0A22010D6700998DFB /* Graph */ = {
			isa = PBXGroup;
			children = (
				A9BA5F082201085C00998DFB /* AdjacencyList.swift */,
				A9BA5F042201075200998DFB /* Edge.swift */,
				A9BA5F06220107EA00998DFB /* Graphable.swift */,
				A9BA5F022201067A00998DFB /* Vertex.swift */,
			);
			path = Graph;
			sourceTree = "<group>";
		};
/* End PBXGroup section */

/* Begin PBXNativeTarget section */
		A28C795E202A46F40052F3FB /* Where To? */ = {
			isa = PBXNativeTarget;
			buildConfigurationList = A28C7987202A46F40052F3FB /* Build configuration list for PBXNativeTarget "Where To?" */;
			buildPhases = (
				0C372D49EFD197760EAB8441 /* [CP] Check Pods Manifest.lock */,
				A28C795B202A46F40052F3FB /* Sources */,
				A28C795C202A46F40052F3FB /* Frameworks */,
				A28C795D202A46F40052F3FB /* Resources */,
				82D16344A80B9641EFF6D6B9 /* [CP] Embed Pods Frameworks */,
			);
			buildRules = (
			);
			dependencies = (
			);
			name = "Where To?";
			productName = PlacenoteSDKExample;
			productReference = A28C795F202A46F40052F3FB /* Where To?.app */;
			productType = "com.apple.product-type.application";
		};
/* End PBXNativeTarget section */

/* Begin PBXProject section */
		A28C7957202A46F40052F3FB /* Project object */ = {
			isa = PBXProject;
			attributes = {
				LastSwiftUpdateCheck = 0920;
				LastUpgradeCheck = 1010;
				ORGANIZATIONNAME = Vertical;
				TargetAttributes = {
					A28C795E202A46F40052F3FB = {
						CreatedOnToolsVersion = 9.2;
						LastSwiftMigration = 1010;
						ProvisioningStyle = Automatic;
					};
				};
			};
			buildConfigurationList = A28C795A202A46F40052F3FB /* Build configuration list for PBXProject "Where To?" */;
			compatibilityVersion = "Xcode 8.0";
			developmentRegion = en;
			hasScannedForEncodings = 0;
			knownRegions = (
				en,
				Base,
			);
			mainGroup = A28C7956202A46F40052F3FB;
			productRefGroup = A28C7960202A46F40052F3FB /* Products */;
			projectDirPath = "";
			projectRoot = "";
			targets = (
				A28C795E202A46F40052F3FB /* Where To? */,
			);
		};
/* End PBXProject section */

/* Begin PBXResourcesBuildPhase section */
		A28C795D202A46F40052F3FB /* Resources */ = {
			isa = PBXResourcesBuildPhase;
			buildActionMask = 2147483647;
			files = (
				25F589CD225140E7008AB444 /* MetaOT-NormIta_0.otf in Resources */,
				25F589CC225140E7008AB444 /* MetaOT-BoldIta_0.otf in Resources */,
				25F589D6225140E7008AB444 /* MetaOT-CondBookIta_0.otf in Resources */,
				25F589C4225140E7008AB444 /* MetaOT-CondBoldIta_0.otf in Resources */,
				8487E28822483BBC00A54F24 /* MetaOT-Black_0.otf in Resources */,
				25F589DD225140E7008AB444 /* MetaOT-Light_0.otf in Resources */,
				25F589D2225140E7008AB444 /* MetaOT-BoldItalic.otf in Resources */,
				25F589C6225140E7008AB444 /* MetaOT-BookIta_0.otf in Resources */,
				25F589DE225140E7008AB444 /* MetaOT-Bold.otf in Resources */,
				25F589D7225140E7008AB444 /* MetaOT-CondBlack.otf in Resources */,
				A28C796D202A46F40052F3FB /* LaunchScreen.storyboard in Resources */,
				25F589D1225140E7008AB444 /* MetaOT-Hair_0.otf in Resources */,
				25F589D8225140E7008AB444 /* MetaOT-MediIta_0.otf in Resources */,
				84EBFE37224C468000E42E8C /* MetaOT-Medi_0.otf in Resources */,
				25F589CF225140E7008AB444 /* MetaOT-CondBlackIta.otf in Resources */,
				25F589C7225140E7008AB444 /* MetaOT-CondMediIta_0.otf in Resources */,
				25F589CE225140E7008AB444 /* MetaOT-CondNorm_0.otf in Resources */,
				2507ACA9224ACA52007512D5 /* FP.pdf in Resources */,
				25F589DB225140E7008AB444 /* MetaOT-Norm_0.otf in Resources */,
				A28C796A202A46F40052F3FB /* Assets.xcassets in Resources */,
				25F589DA225140E7008AB444 /* MetaOT-Thin_0.otf in Resources */,
				25F589DC225140E7008AB444 /* MetaOT-CondNormIta_0.otf in Resources */,
				25F589C5225140E7008AB444 /* MetaOT-CondBold_0.otf in Resources */,
				25F589D9225140E7008AB444 /* MetaOT-BookItalic.otf in Resources */,
				25F589D3225140E7008AB444 /* MetaOT-Book.otf in Resources */,
				25F589D4225140E7008AB444 /* MetaOT-LightIta_0.otf in Resources */,
				25F589D0225140E7008AB444 /* MetaOT-CondMedi_0.otf in Resources */,
				25F589C8225140E7008AB444 /* MetaOT-CondXboldIta_0.otf in Resources */,
				A28C7968202A46F40052F3FB /* Main.storyboard in Resources */,
				25F589C9225140E7008AB444 /* MetaOT-ThinIta_0.otf in Resources */,
				25F589CA225140E7008AB444 /* MetaOT-CondXbold_0.otf in Resources */,
				84EBFE34224C442700E42E8C /* MetaOT-HairIta_0.otf in Resources */,
				25F589D5225140E7008AB444 /* MetaOT-BlackIta_0.otf in Resources */,
				25F589CB225140E7008AB444 /* MetaOT-CondBook_0.otf in Resources */,
			);
			runOnlyForDeploymentPostprocessing = 0;
		};
/* End PBXResourcesBuildPhase section */

/* Begin PBXShellScriptBuildPhase section */
		0C372D49EFD197760EAB8441 /* [CP] Check Pods Manifest.lock */ = {
			isa = PBXShellScriptBuildPhase;
			buildActionMask = 2147483647;
			files = (
			);
			inputPaths = (
				"${PODS_PODFILE_DIR_PATH}/Podfile.lock",
				"${PODS_ROOT}/Manifest.lock",
			);
			name = "[CP] Check Pods Manifest.lock";
			outputPaths = (
				"$(DERIVED_FILE_DIR)/Pods-PlacenoteSDKExample-checkManifestLockResult.txt",
			);
			runOnlyForDeploymentPostprocessing = 0;
			shellPath = /bin/sh;
			shellScript = "diff \"${PODS_PODFILE_DIR_PATH}/Podfile.lock\" \"${PODS_ROOT}/Manifest.lock\" > /dev/null\nif [ $? != 0 ] ; then\n    # print error to STDERR\n    echo \"error: The sandbox is not in sync with the Podfile.lock. Run 'pod install' or update your CocoaPods installation.\" >&2\n    exit 1\nfi\n# This output is used by Xcode 'outputs' to avoid re-running this script phase.\necho \"SUCCESS\" > \"${SCRIPT_OUTPUT_FILE_0}\"\n";
			showEnvVarsInLog = 0;
		};
		82D16344A80B9641EFF6D6B9 /* [CP] Embed Pods Frameworks */ = {
			isa = PBXShellScriptBuildPhase;
			buildActionMask = 2147483647;
			files = (
			);
			inputPaths = (
				"${SRCROOT}/Pods/Target Support Files/Pods-PlacenoteSDKExample/Pods-PlacenoteSDKExample-frameworks.sh",
				"${BUILT_PRODUCTS_DIR}/AWSCognitoIdentityProvider/AWSCognitoIdentityProvider.framework",
				"${BUILT_PRODUCTS_DIR}/AWSCore/AWSCore.framework",
				"${PODS_ROOT}/PlacenoteSDK/Placenote.framework",
				"${BUILT_PRODUCTS_DIR}/PlacenoteSDK/PlacenoteSDK.framework",
			);
			name = "[CP] Embed Pods Frameworks";
			outputPaths = (
				"${TARGET_BUILD_DIR}/${FRAMEWORKS_FOLDER_PATH}/AWSCognitoIdentityProvider.framework",
				"${TARGET_BUILD_DIR}/${FRAMEWORKS_FOLDER_PATH}/AWSCore.framework",
				"${TARGET_BUILD_DIR}/${FRAMEWORKS_FOLDER_PATH}/Placenote.framework",
				"${TARGET_BUILD_DIR}/${FRAMEWORKS_FOLDER_PATH}/PlacenoteSDK.framework",
			);
			runOnlyForDeploymentPostprocessing = 0;
			shellPath = /bin/sh;
			shellScript = "\"${SRCROOT}/Pods/Target Support Files/Pods-PlacenoteSDKExample/Pods-PlacenoteSDKExample-frameworks.sh\"\n";
			showEnvVarsInLog = 0;
		};
/* End PBXShellScriptBuildPhase section */

/* Begin PBXSourcesBuildPhase section */
		A28C795B202A46F40052F3FB /* Sources */ = {
			isa = PBXSourcesBuildPhase;
			buildActionMask = 2147483647;
			files = (
				A955DBA0221EE784005603EF /* ViewControllerWAY.swift in Sources */,
				A9BA5F07220107EA00998DFB /* Graphable.swift in Sources */,
				84FA508522512F37005B430A /* ViewControllerUM.swift in Sources */,
				841987002202696000404F88 /* NavigationNode.swift in Sources */,
				A28C7965202A46F40052F3FB /* ViewController.swift in Sources */,
				A28C7993202A48190052F3FB /* ShapeManager.swift in Sources */,
				A9BA5F092201085C00998DFB /* AdjacencyList.swift in Sources */,
				A9BA5F052201075200998DFB /* Edge.swift in Sources */,
				842D53B2221E62FE00A4DBF7 /* UserLocalizationViewController.swift in Sources */,
				A28C7992202A48190052F3FB /* ShapeType.swift in Sources */,
				25B5F7C22246AB60006B9FD9 /* ViewControllerUserIns.swift in Sources */,
				A28C7963202A46F40052F3FB /* AppDelegate.swift in Sources */,
				A9BA5F032201067A00998DFB /* Vertex.swift in Sources */,
				2507ACA7224AC7A1007512D5 /* ViewControllerFP.swift in Sources */,
				2524EEEB2242AE4700C5DC81 /* BaseCell.swift in Sources */,
				2524EEE92242ACFC00C5DC81 /* MenuCellWT.swift in Sources */,
				840963372224F8E900AE4C02 /* AdminLoginViewController.swift in Sources */,
				2524EEED2242B1CB00C5DC81 /* UIViewHelper.swift in Sources */,
				8421BD12223C2C570006F617 /* MapSort.swift in Sources */,
				2524EEE72242A2FD00C5DC81 /* MenuLauncherWT.swift in Sources */,
				843AA8F2221377070070EF03 /* ViewControllerWT.swift in Sources */,
			);
			runOnlyForDeploymentPostprocessing = 0;
		};
/* End PBXSourcesBuildPhase section */

/* Begin PBXVariantGroup section */
		A28C7966202A46F40052F3FB /* Main.storyboard */ = {
			isa = PBXVariantGroup;
			children = (
				A28C7967202A46F40052F3FB /* Base */,
			);
			name = Main.storyboard;
			sourceTree = "<group>";
		};
		A28C796B202A46F40052F3FB /* LaunchScreen.storyboard */ = {
			isa = PBXVariantGroup;
			children = (
				A28C796C202A46F40052F3FB /* Base */,
			);
			name = LaunchScreen.storyboard;
			sourceTree = "<group>";
		};
/* End PBXVariantGroup section */

/* Begin XCBuildConfiguration section */
		A28C7985202A46F40052F3FB /* Debug */ = {
			isa = XCBuildConfiguration;
			buildSettings = {
				ALWAYS_SEARCH_USER_PATHS = NO;
				CLANG_ANALYZER_NONNULL = YES;
				CLANG_ANALYZER_NUMBER_OBJECT_CONVERSION = YES_AGGRESSIVE;
				CLANG_CXX_LANGUAGE_STANDARD = "gnu++14";
				CLANG_CXX_LIBRARY = "libc++";
				CLANG_ENABLE_MODULES = YES;
				CLANG_ENABLE_OBJC_ARC = YES;
				CLANG_WARN_BLOCK_CAPTURE_AUTORELEASING = YES;
				CLANG_WARN_BOOL_CONVERSION = YES;
				CLANG_WARN_COMMA = YES;
				CLANG_WARN_CONSTANT_CONVERSION = YES;
				CLANG_WARN_DEPRECATED_OBJC_IMPLEMENTATIONS = YES;
				CLANG_WARN_DIRECT_OBJC_ISA_USAGE = YES_ERROR;
				CLANG_WARN_DOCUMENTATION_COMMENTS = YES;
				CLANG_WARN_EMPTY_BODY = YES;
				CLANG_WARN_ENUM_CONVERSION = YES;
				CLANG_WARN_INFINITE_RECURSION = YES;
				CLANG_WARN_INT_CONVERSION = YES;
				CLANG_WARN_NON_LITERAL_NULL_CONVERSION = YES;
				CLANG_WARN_OBJC_IMPLICIT_RETAIN_SELF = YES;
				CLANG_WARN_OBJC_LITERAL_CONVERSION = YES;
				CLANG_WARN_OBJC_ROOT_CLASS = YES_ERROR;
				CLANG_WARN_RANGE_LOOP_ANALYSIS = YES;
				CLANG_WARN_STRICT_PROTOTYPES = YES;
				CLANG_WARN_SUSPICIOUS_MOVE = YES;
				CLANG_WARN_UNGUARDED_AVAILABILITY = YES_AGGRESSIVE;
				CLANG_WARN_UNREACHABLE_CODE = YES;
				CLANG_WARN__DUPLICATE_METHOD_MATCH = YES;
				CODE_SIGN_IDENTITY = "iPhone Developer";
				COPY_PHASE_STRIP = NO;
				DEBUG_INFORMATION_FORMAT = dwarf;
				ENABLE_BITCODE = NO;
				ENABLE_STRICT_OBJC_MSGSEND = YES;
				ENABLE_TESTABILITY = YES;
				GCC_C_LANGUAGE_STANDARD = gnu11;
				GCC_DYNAMIC_NO_PIC = NO;
				GCC_NO_COMMON_BLOCKS = YES;
				GCC_OPTIMIZATION_LEVEL = 0;
				GCC_PREPROCESSOR_DEFINITIONS = (
					"DEBUG=1",
					"$(inherited)",
				);
				GCC_WARN_64_TO_32_BIT_CONVERSION = YES;
				GCC_WARN_ABOUT_RETURN_TYPE = YES_ERROR;
				GCC_WARN_UNDECLARED_SELECTOR = YES;
				GCC_WARN_UNINITIALIZED_AUTOS = YES_AGGRESSIVE;
				GCC_WARN_UNUSED_FUNCTION = YES;
				GCC_WARN_UNUSED_VARIABLE = YES;
				IPHONEOS_DEPLOYMENT_TARGET = 12.1;
				MTL_ENABLE_DEBUG_INFO = YES;
				ONLY_ACTIVE_ARCH = YES;
				SDKROOT = iphoneos;
				SWIFT_ACTIVE_COMPILATION_CONDITIONS = DEBUG;
				SWIFT_OPTIMIZATION_LEVEL = "-Onone";
			};
			name = Debug;
		};
		A28C7986202A46F40052F3FB /* Release */ = {
			isa = XCBuildConfiguration;
			buildSettings = {
				ALWAYS_SEARCH_USER_PATHS = NO;
				CLANG_ANALYZER_NONNULL = YES;
				CLANG_ANALYZER_NUMBER_OBJECT_CONVERSION = YES_AGGRESSIVE;
				CLANG_CXX_LANGUAGE_STANDARD = "gnu++14";
				CLANG_CXX_LIBRARY = "libc++";
				CLANG_ENABLE_MODULES = YES;
				CLANG_ENABLE_OBJC_ARC = YES;
				CLANG_WARN_BLOCK_CAPTURE_AUTORELEASING = YES;
				CLANG_WARN_BOOL_CONVERSION = YES;
				CLANG_WARN_COMMA = YES;
				CLANG_WARN_CONSTANT_CONVERSION = YES;
				CLANG_WARN_DEPRECATED_OBJC_IMPLEMENTATIONS = YES;
				CLANG_WARN_DIRECT_OBJC_ISA_USAGE = YES_ERROR;
				CLANG_WARN_DOCUMENTATION_COMMENTS = YES;
				CLANG_WARN_EMPTY_BODY = YES;
				CLANG_WARN_ENUM_CONVERSION = YES;
				CLANG_WARN_INFINITE_RECURSION = YES;
				CLANG_WARN_INT_CONVERSION = YES;
				CLANG_WARN_NON_LITERAL_NULL_CONVERSION = YES;
				CLANG_WARN_OBJC_IMPLICIT_RETAIN_SELF = YES;
				CLANG_WARN_OBJC_LITERAL_CONVERSION = YES;
				CLANG_WARN_OBJC_ROOT_CLASS = YES_ERROR;
				CLANG_WARN_RANGE_LOOP_ANALYSIS = YES;
				CLANG_WARN_STRICT_PROTOTYPES = YES;
				CLANG_WARN_SUSPICIOUS_MOVE = YES;
				CLANG_WARN_UNGUARDED_AVAILABILITY = YES_AGGRESSIVE;
				CLANG_WARN_UNREACHABLE_CODE = YES;
				CLANG_WARN__DUPLICATE_METHOD_MATCH = YES;
				CODE_SIGN_IDENTITY = "iPhone Developer";
				COPY_PHASE_STRIP = NO;
				DEBUG_INFORMATION_FORMAT = "dwarf-with-dsym";
				ENABLE_BITCODE = NO;
				ENABLE_NS_ASSERTIONS = NO;
				ENABLE_STRICT_OBJC_MSGSEND = YES;
				GCC_C_LANGUAGE_STANDARD = gnu11;
				GCC_NO_COMMON_BLOCKS = YES;
				GCC_OPTIMIZATION_LEVEL = 3;
				GCC_WARN_64_TO_32_BIT_CONVERSION = YES;
				GCC_WARN_ABOUT_RETURN_TYPE = YES_ERROR;
				GCC_WARN_UNDECLARED_SELECTOR = YES;
				GCC_WARN_UNINITIALIZED_AUTOS = YES_AGGRESSIVE;
				GCC_WARN_UNUSED_FUNCTION = YES;
				GCC_WARN_UNUSED_VARIABLE = YES;
				IPHONEOS_DEPLOYMENT_TARGET = 12.1;
				MTL_ENABLE_DEBUG_INFO = NO;
				SDKROOT = iphoneos;
				SWIFT_OPTIMIZATION_LEVEL = "-Owholemodule";
				VALIDATE_PRODUCT = YES;
			};
			name = Release;
		};
		A28C7988202A46F40052F3FB /* Debug */ = {
			isa = XCBuildConfiguration;
			baseConfigurationReference = 8D2EF9CBDC0F285A1BE9E787 /* Pods-PlacenoteSDKExample.debug.xcconfig */;
			buildSettings = {
				ASSETCATALOG_COMPILER_APPICON_NAME = AppIcon;
				CODE_SIGN_IDENTITY = "iPhone Developer";
				CODE_SIGN_STYLE = Automatic;
				DEVELOPMENT_TEAM = 2MU5RRNWNL;
				ENABLE_BITCODE = NO;
				INFOPLIST_FILE = PlacenoteSDKExample/Info.plist;
				IPHONEOS_DEPLOYMENT_TARGET = 11.0;
				LD_RUNPATH_SEARCH_PATHS = "$(inherited) @executable_path/Frameworks";
				PRODUCT_BUNDLE_IDENTIFIER = com.spring2019hermanmiller.app;
				PRODUCT_NAME = "$(TARGET_NAME)";
				PROVISIONING_PROFILE_SPECIFIER = "";
				SWIFT_SWIFT3_OBJC_INFERENCE = Default;
				SWIFT_VERSION = 4.2;
				TARGETED_DEVICE_FAMILY = "1,2";
			};
			name = Debug;
		};
		A28C7989202A46F40052F3FB /* Release */ = {
			isa = XCBuildConfiguration;
			baseConfigurationReference = 2904538A54D1EA278D335F50 /* Pods-PlacenoteSDKExample.release.xcconfig */;
			buildSettings = {
				ASSETCATALOG_COMPILER_APPICON_NAME = AppIcon;
				CODE_SIGN_IDENTITY = "iPhone Developer";
				CODE_SIGN_STYLE = Automatic;
				DEVELOPMENT_TEAM = 2MU5RRNWNL;
				ENABLE_BITCODE = NO;
				GCC_OPTIMIZATION_LEVEL = 3;
				INFOPLIST_FILE = PlacenoteSDKExample/Info.plist;
				IPHONEOS_DEPLOYMENT_TARGET = 11.0;
				LD_RUNPATH_SEARCH_PATHS = "$(inherited) @executable_path/Frameworks";
				PRODUCT_BUNDLE_IDENTIFIER = com.spring2019hermanmiller.app;
				PRODUCT_NAME = "$(TARGET_NAME)";
				PROVISIONING_PROFILE_SPECIFIER = "";
				SWIFT_SWIFT3_OBJC_INFERENCE = Default;
				SWIFT_VERSION = 4.2;
				TARGETED_DEVICE_FAMILY = "1,2";
			};
			name = Release;
		};
/* End XCBuildConfiguration section */

/* Begin XCConfigurationList section */
		A28C795A202A46F40052F3FB /* Build configuration list for PBXProject "Where To?" */ = {
			isa = XCConfigurationList;
			buildConfigurations = (
				A28C7985202A46F40052F3FB /* Debug */,
				A28C7986202A46F40052F3FB /* Release */,
			);
			defaultConfigurationIsVisible = 0;
			defaultConfigurationName = Release;
		};
		A28C7987202A46F40052F3FB /* Build configuration list for PBXNativeTarget "Where To?" */ = {
			isa = XCConfigurationList;
			buildConfigurations = (
				A28C7988202A46F40052F3FB /* Debug */,
				A28C7989202A46F40052F3FB /* Release */,
			);
			defaultConfigurationIsVisible = 0;
			defaultConfigurationName = Release;
		};
/* End XCConfigurationList section */
	};
	rootObject = A28C7957202A46F40052F3FB /* Project object */;
}
