// !$*UTF8*$!
{
	archiveVersion = 1;
	classes = {
	};
	objectVersion = 50;
	objects = {

/* Begin PBXBuildFile section */
		84AE812021EBBCFA0042D1A1 /* AppDelegate.swift in Sources */ = {isa = PBXBuildFile; fileRef = 84AE811F21EBBCFA0042D1A1 /* AppDelegate.swift */; };
		84AE812221EBBCFA0042D1A1 /* art.scnassets in Resources */ = {isa = PBXBuildFile; fileRef = 84AE812121EBBCFA0042D1A1 /* art.scnassets */; };
		84AE812421EBBCFA0042D1A1 /* ViewController.swift in Sources */ = {isa = PBXBuildFile; fileRef = 84AE812321EBBCFA0042D1A1 /* ViewController.swift */; };
		84AE812721EBBCFA0042D1A1 /* Main.storyboard in Resources */ = {isa = PBXBuildFile; fileRef = 84AE812521EBBCFA0042D1A1 /* Main.storyboard */; };
		84AE812921EBBCFB0042D1A1 /* Assets.xcassets in Resources */ = {isa = PBXBuildFile; fileRef = 84AE812821EBBCFB0042D1A1 /* Assets.xcassets */; };
		84AE812C21EBBCFB0042D1A1 /* LaunchScreen.storyboard in Resources */ = {isa = PBXBuildFile; fileRef = 84AE812A21EBBCFB0042D1A1 /* LaunchScreen.storyboard */; };
		84AE813721EBBCFB0042D1A1 /* Testing01Tests.swift in Sources */ = {isa = PBXBuildFile; fileRef = 84AE813621EBBCFB0042D1A1 /* Testing01Tests.swift */; };
		84AE814221EBBCFB0042D1A1 /* Testing01UITests.swift in Sources */ = {isa = PBXBuildFile; fileRef = 84AE814121EBBCFB0042D1A1 /* Testing01UITests.swift */; };
/* End PBXBuildFile section */

/* Begin PBXContainerItemProxy section */
		84AE813321EBBCFB0042D1A1 /* PBXContainerItemProxy */ = {
			isa = PBXContainerItemProxy;
			containerPortal = 84AE811421EBBCFA0042D1A1 /* Project object */;
			proxyType = 1;
			remoteGlobalIDString = 84AE811B21EBBCFA0042D1A1;
			remoteInfo = Testing01;
		};
		84AE813E21EBBCFB0042D1A1 /* PBXContainerItemProxy */ = {
			isa = PBXContainerItemProxy;
			containerPortal = 84AE811421EBBCFA0042D1A1 /* Project object */;
			proxyType = 1;
			remoteGlobalIDString = 84AE811B21EBBCFA0042D1A1;
			remoteInfo = Testing01;
		};
/* End PBXContainerItemProxy section */

/* Begin PBXFileReference section */
		84AE811C21EBBCFA0042D1A1 /* Testing01.app */ = {isa = PBXFileReference; explicitFileType = wrapper.application; includeInIndex = 0; path = Testing01.app; sourceTree = BUILT_PRODUCTS_DIR; };
		84AE811F21EBBCFA0042D1A1 /* AppDelegate.swift */ = {isa = PBXFileReference; lastKnownFileType = sourcecode.swift; path = AppDelegate.swift; sourceTree = "<group>"; };
		84AE812121EBBCFA0042D1A1 /* art.scnassets */ = {isa = PBXFileReference; lastKnownFileType = wrapper.scnassets; path = art.scnassets; sourceTree = "<group>"; };
		84AE812321EBBCFA0042D1A1 /* ViewController.swift */ = {isa = PBXFileReference; lastKnownFileType = sourcecode.swift; path = ViewController.swift; sourceTree = "<group>"; };
		84AE812621EBBCFA0042D1A1 /* Base */ = {isa = PBXFileReference; lastKnownFileType = file.storyboard; name = Base; path = Base.lproj/Main.storyboard; sourceTree = "<group>"; };
		84AE812821EBBCFB0042D1A1 /* Assets.xcassets */ = {isa = PBXFileReference; lastKnownFileType = folder.assetcatalog; path = Assets.xcassets; sourceTree = "<group>"; };
		84AE812B21EBBCFB0042D1A1 /* Base */ = {isa = PBXFileReference; lastKnownFileType = file.storyboard; name = Base; path = Base.lproj/LaunchScreen.storyboard; sourceTree = "<group>"; };
		84AE812D21EBBCFB0042D1A1 /* Info.plist */ = {isa = PBXFileReference; lastKnownFileType = text.plist.xml; path = Info.plist; sourceTree = "<group>"; };
		84AE813221EBBCFB0042D1A1 /* Testing01Tests.xctest */ = {isa = PBXFileReference; explicitFileType = wrapper.cfbundle; includeInIndex = 0; path = Testing01Tests.xctest; sourceTree = BUILT_PRODUCTS_DIR; };
		84AE813621EBBCFB0042D1A1 /* Testing01Tests.swift */ = {isa = PBXFileReference; lastKnownFileType = sourcecode.swift; path = Testing01Tests.swift; sourceTree = "<group>"; };
		84AE813821EBBCFB0042D1A1 /* Info.plist */ = {isa = PBXFileReference; lastKnownFileType = text.plist.xml; path = Info.plist; sourceTree = "<group>"; };
		84AE813D21EBBCFB0042D1A1 /* Testing01UITests.xctest */ = {isa = PBXFileReference; explicitFileType = wrapper.cfbundle; includeInIndex = 0; path = Testing01UITests.xctest; sourceTree = BUILT_PRODUCTS_DIR; };
		84AE814121EBBCFB0042D1A1 /* Testing01UITests.swift */ = {isa = PBXFileReference; lastKnownFileType = sourcecode.swift; path = Testing01UITests.swift; sourceTree = "<group>"; };
		84AE814321EBBCFB0042D1A1 /* Info.plist */ = {isa = PBXFileReference; lastKnownFileType = text.plist.xml; path = Info.plist; sourceTree = "<group>"; };
/* End PBXFileReference section */

/* Begin PBXFrameworksBuildPhase section */
		84AE811921EBBCFA0042D1A1 /* Frameworks */ = {
			isa = PBXFrameworksBuildPhase;
			buildActionMask = 2147483647;
			files = (
			);
			runOnlyForDeploymentPostprocessing = 0;
		};
		84AE812F21EBBCFB0042D1A1 /* Frameworks */ = {
			isa = PBXFrameworksBuildPhase;
			buildActionMask = 2147483647;
			files = (
			);
			runOnlyForDeploymentPostprocessing = 0;
		};
		84AE813A21EBBCFB0042D1A1 /* Frameworks */ = {
			isa = PBXFrameworksBuildPhase;
			buildActionMask = 2147483647;
			files = (
			);
			runOnlyForDeploymentPostprocessing = 0;
		};
/* End PBXFrameworksBuildPhase section */

/* Begin PBXGroup section */
		84AE811321EBBCFA0042D1A1 = {
			isa = PBXGroup;
			children = (
				84AE811E21EBBCFA0042D1A1 /* Testing01 */,
				84AE813521EBBCFB0042D1A1 /* Testing01Tests */,
				84AE814021EBBCFB0042D1A1 /* Testing01UITests */,
				84AE811D21EBBCFA0042D1A1 /* Products */,
			);
			sourceTree = "<group>";
		};
		84AE811D21EBBCFA0042D1A1 /* Products */ = {
			isa = PBXGroup;
			children = (
				84AE811C21EBBCFA0042D1A1 /* Testing01.app */,
				84AE813221EBBCFB0042D1A1 /* Testing01Tests.xctest */,
				84AE813D21EBBCFB0042D1A1 /* Testing01UITests.xctest */,
			);
			name = Products;
			sourceTree = "<group>";
		};
		84AE811E21EBBCFA0042D1A1 /* Testing01 */ = {
			isa = PBXGroup;
			children = (
				84AE811F21EBBCFA0042D1A1 /* AppDelegate.swift */,
				84AE812121EBBCFA0042D1A1 /* art.scnassets */,
				84AE812321EBBCFA0042D1A1 /* ViewController.swift */,
				84AE812521EBBCFA0042D1A1 /* Main.storyboard */,
				84AE812821EBBCFB0042D1A1 /* Assets.xcassets */,
				84AE812A21EBBCFB0042D1A1 /* LaunchScreen.storyboard */,
				84AE812D21EBBCFB0042D1A1 /* Info.plist */,
			);
			path = Testing01;
			sourceTree = "<group>";
		};
		84AE813521EBBCFB0042D1A1 /* Testing01Tests */ = {
			isa = PBXGroup;
			children = (
				84AE813621EBBCFB0042D1A1 /* Testing01Tests.swift */,
				84AE813821EBBCFB0042D1A1 /* Info.plist */,
			);
			path = Testing01Tests;
			sourceTree = "<group>";
		};
		84AE814021EBBCFB0042D1A1 /* Testing01UITests */ = {
			isa = PBXGroup;
			children = (
				84AE814121EBBCFB0042D1A1 /* Testing01UITests.swift */,
				84AE814321EBBCFB0042D1A1 /* Info.plist */,
			);
			path = Testing01UITests;
			sourceTree = "<group>";
		};
/* End PBXGroup section */

/* Begin PBXNativeTarget section */
		84AE811B21EBBCFA0042D1A1 /* Testing01 */ = {
			isa = PBXNativeTarget;
			buildConfigurationList = 84AE814621EBBCFB0042D1A1 /* Build configuration list for PBXNativeTarget "Testing01" */;
			buildPhases = (
				84AE811821EBBCFA0042D1A1 /* Sources */,
				84AE811921EBBCFA0042D1A1 /* Frameworks */,
				84AE811A21EBBCFA0042D1A1 /* Resources */,
			);
			buildRules = (
			);
			dependencies = (
			);
			name = Testing01;
			productName = Testing01;
			productReference = 84AE811C21EBBCFA0042D1A1 /* Testing01.app */;
			productType = "com.apple.product-type.application";
		};
		84AE813121EBBCFB0042D1A1 /* Testing01Tests */ = {
			isa = PBXNativeTarget;
			buildConfigurationList = 84AE814921EBBCFB0042D1A1 /* Build configuration list for PBXNativeTarget "Testing01Tests" */;
			buildPhases = (
				84AE812E21EBBCFB0042D1A1 /* Sources */,
				84AE812F21EBBCFB0042D1A1 /* Frameworks */,
				84AE813021EBBCFB0042D1A1 /* Resources */,
			);
			buildRules = (
			);
			dependencies = (
				84AE813421EBBCFB0042D1A1 /* PBXTargetDependency */,
			);
			name = Testing01Tests;
			productName = Testing01Tests;
			productReference = 84AE813221EBBCFB0042D1A1 /* Testing01Tests.xctest */;
			productType = "com.apple.product-type.bundle.unit-test";
		};
		84AE813C21EBBCFB0042D1A1 /* Testing01UITests */ = {
			isa = PBXNativeTarget;
			buildConfigurationList = 84AE814C21EBBCFB0042D1A1 /* Build configuration list for PBXNativeTarget "Testing01UITests" */;
			buildPhases = (
				84AE813921EBBCFB0042D1A1 /* Sources */,
				84AE813A21EBBCFB0042D1A1 /* Frameworks */,
				84AE813B21EBBCFB0042D1A1 /* Resources */,
			);
			buildRules = (
			);
			dependencies = (
				84AE813F21EBBCFB0042D1A1 /* PBXTargetDependency */,
			);
			name = Testing01UITests;
			productName = Testing01UITests;
			productReference = 84AE813D21EBBCFB0042D1A1 /* Testing01UITests.xctest */;
			productType = "com.apple.product-type.bundle.ui-testing";
		};
/* End PBXNativeTarget section */

/* Begin PBXProject section */
		84AE811421EBBCFA0042D1A1 /* Project object */ = {
			isa = PBXProject;
			attributes = {
				LastSwiftUpdateCheck = 1010;
				LastUpgradeCheck = 1010;
				ORGANIZATIONNAME = "Team Herman Miller";
				TargetAttributes = {
					84AE811B21EBBCFA0042D1A1 = {
						CreatedOnToolsVersion = 10.1;
					};
					84AE813121EBBCFB0042D1A1 = {
						CreatedOnToolsVersion = 10.1;
						TestTargetID = 84AE811B21EBBCFA0042D1A1;
					};
					84AE813C21EBBCFB0042D1A1 = {
						CreatedOnToolsVersion = 10.1;
						TestTargetID = 84AE811B21EBBCFA0042D1A1;
					};
				};
			};
			buildConfigurationList = 84AE811721EBBCFA0042D1A1 /* Build configuration list for PBXProject "Testing01" */;
			compatibilityVersion = "Xcode 9.3";
			developmentRegion = en;
			hasScannedForEncodings = 0;
			knownRegions = (
				en,
				Base,
			);
			mainGroup = 84AE811321EBBCFA0042D1A1;
			productRefGroup = 84AE811D21EBBCFA0042D1A1 /* Products */;
			projectDirPath = "";
			projectRoot = "";
			targets = (
				84AE811B21EBBCFA0042D1A1 /* Testing01 */,
				84AE813121EBBCFB0042D1A1 /* Testing01Tests */,
				84AE813C21EBBCFB0042D1A1 /* Testing01UITests */,
			);
		};
/* End PBXProject section */

/* Begin PBXResourcesBuildPhase section */
		84AE811A21EBBCFA0042D1A1 /* Resources */ = {
			isa = PBXResourcesBuildPhase;
			buildActionMask = 2147483647;
			files = (
				84AE812221EBBCFA0042D1A1 /* art.scnassets in Resources */,
				84AE812C21EBBCFB0042D1A1 /* LaunchScreen.storyboard in Resources */,
				84AE812921EBBCFB0042D1A1 /* Assets.xcassets in Resources */,
				84AE812721EBBCFA0042D1A1 /* Main.storyboard in Resources */,
			);
			runOnlyForDeploymentPostprocessing = 0;
		};
		84AE813021EBBCFB0042D1A1 /* Resources */ = {
			isa = PBXResourcesBuildPhase;
			buildActionMask = 2147483647;
			files = (
			);
			runOnlyForDeploymentPostprocessing = 0;
		};
		84AE813B21EBBCFB0042D1A1 /* Resources */ = {
			isa = PBXResourcesBuildPhase;
			buildActionMask = 2147483647;
			files = (
			);
			runOnlyForDeploymentPostprocessing = 0;
		};
/* End PBXResourcesBuildPhase section */

/* Begin PBXSourcesBuildPhase section */
		84AE811821EBBCFA0042D1A1 /* Sources */ = {
			isa = PBXSourcesBuildPhase;
			buildActionMask = 2147483647;
			files = (
				84AE812421EBBCFA0042D1A1 /* ViewController.swift in Sources */,
				84AE812021EBBCFA0042D1A1 /* AppDelegate.swift in Sources */,
			);
			runOnlyForDeploymentPostprocessing = 0;
		};
		84AE812E21EBBCFB0042D1A1 /* Sources */ = {
			isa = PBXSourcesBuildPhase;
			buildActionMask = 2147483647;
			files = (
				84AE813721EBBCFB0042D1A1 /* Testing01Tests.swift in Sources */,
			);
			runOnlyForDeploymentPostprocessing = 0;
		};
		84AE813921EBBCFB0042D1A1 /* Sources */ = {
			isa = PBXSourcesBuildPhase;
			buildActionMask = 2147483647;
			files = (
				84AE814221EBBCFB0042D1A1 /* Testing01UITests.swift in Sources */,
			);
			runOnlyForDeploymentPostprocessing = 0;
		};
/* End PBXSourcesBuildPhase section */

/* Begin PBXTargetDependency section */
		84AE813421EBBCFB0042D1A1 /* PBXTargetDependency */ = {
			isa = PBXTargetDependency;
			target = 84AE811B21EBBCFA0042D1A1 /* Testing01 */;
			targetProxy = 84AE813321EBBCFB0042D1A1 /* PBXContainerItemProxy */;
		};
		84AE813F21EBBCFB0042D1A1 /* PBXTargetDependency */ = {
			isa = PBXTargetDependency;
			target = 84AE811B21EBBCFA0042D1A1 /* Testing01 */;
			targetProxy = 84AE813E21EBBCFB0042D1A1 /* PBXContainerItemProxy */;
		};
/* End PBXTargetDependency section */

/* Begin PBXVariantGroup section */
		84AE812521EBBCFA0042D1A1 /* Main.storyboard */ = {
			isa = PBXVariantGroup;
			children = (
				84AE812621EBBCFA0042D1A1 /* Base */,
			);
			name = Main.storyboard;
			sourceTree = "<group>";
		};
		84AE812A21EBBCFB0042D1A1 /* LaunchScreen.storyboard */ = {
			isa = PBXVariantGroup;
			children = (
				84AE812B21EBBCFB0042D1A1 /* Base */,
			);
			name = LaunchScreen.storyboard;
			sourceTree = "<group>";
		};
/* End PBXVariantGroup section */

/* Begin XCBuildConfiguration section */
		84AE814421EBBCFB0042D1A1 /* Debug */ = {
			isa = XCBuildConfiguration;
			buildSettings = {
				ALWAYS_SEARCH_USER_PATHS = NO;
				CLANG_ANALYZER_NONNULL = YES;
				CLANG_ANALYZER_NUMBER_OBJECT_CONVERSION = YES_AGGRESSIVE;
				CLANG_CXX_LANGUAGE_STANDARD = "gnu++14";
				CLANG_CXX_LIBRARY = "libc++";
				CLANG_ENABLE_MODULES = YES;
				CLANG_ENABLE_OBJC_ARC = YES;
				CLANG_ENABLE_OBJC_WEAK = YES;
				CLANG_WARN_BLOCK_CAPTURE_AUTORELEASING = YES;
				CLANG_WARN_BOOL_CONVERSION = YES;
				CLANG_WARN_COMMA = YES;
				CLANG_WARN_CONSTANT_CONVERSION = YES;
				CLANG_WARN_DEPRECATED_OBJC_IMPLEMENTATIONS = YES;
				CLANG_WARN_DIRECT_OBJC_ISA_USAGE = YES_ERROR;
				CLANG_WARN_DOCUMENTATION_COMMENTS = YES;
				CLANG_WARN_EMPTY_BODY = YES;
				CLANG_WARN_ENUM_CONVERSION = YES;
				CLANG_WARN_INFINITE_RECURSION = YES;
				CLANG_WARN_INT_CONVERSION = YES;
				CLANG_WARN_NON_LITERAL_NULL_CONVERSION = YES;
				CLANG_WARN_OBJC_IMPLICIT_RETAIN_SELF = YES;
				CLANG_WARN_OBJC_LITERAL_CONVERSION = YES;
				CLANG_WARN_OBJC_ROOT_CLASS = YES_ERROR;
				CLANG_WARN_RANGE_LOOP_ANALYSIS = YES;
				CLANG_WARN_STRICT_PROTOTYPES = YES;
				CLANG_WARN_SUSPICIOUS_MOVE = YES;
				CLANG_WARN_UNGUARDED_AVAILABILITY = YES_AGGRESSIVE;
				CLANG_WARN_UNREACHABLE_CODE = YES;
				CLANG_WARN__DUPLICATE_METHOD_MATCH = YES;
				CODE_SIGN_IDENTITY = "iPhone Developer";
				COPY_PHASE_STRIP = NO;
				DEBUG_INFORMATION_FORMAT = dwarf;
				ENABLE_STRICT_OBJC_MSGSEND = YES;
				ENABLE_TESTABILITY = YES;
				GCC_C_LANGUAGE_STANDARD = gnu11;
				GCC_DYNAMIC_NO_PIC = NO;
				GCC_NO_COMMON_BLOCKS = YES;
				GCC_OPTIMIZATION_LEVEL = 0;
				GCC_PREPROCESSOR_DEFINITIONS = (
					"DEBUG=1",
					"$(inherited)",
				);
				GCC_WARN_64_TO_32_BIT_CONVERSION = YES;
				GCC_WARN_ABOUT_RETURN_TYPE = YES_ERROR;
				GCC_WARN_UNDECLARED_SELECTOR = YES;
				GCC_WARN_UNINITIALIZED_AUTOS = YES_AGGRESSIVE;
				GCC_WARN_UNUSED_FUNCTION = YES;
				GCC_WARN_UNUSED_VARIABLE = YES;
				IPHONEOS_DEPLOYMENT_TARGET = 12.1;
				MTL_ENABLE_DEBUG_INFO = INCLUDE_SOURCE;
				MTL_FAST_MATH = YES;
				ONLY_ACTIVE_ARCH = YES;
				SDKROOT = iphoneos;
				SWIFT_ACTIVE_COMPILATION_CONDITIONS = DEBUG;
				SWIFT_OPTIMIZATION_LEVEL = "-Onone";
			};
			name = Debug;
		};
		84AE814521EBBCFB0042D1A1 /* Release */ = {
			isa = XCBuildConfiguration;
			buildSettings = {
				ALWAYS_SEARCH_USER_PATHS = NO;
				CLANG_ANALYZER_NONNULL = YES;
				CLANG_ANALYZER_NUMBER_OBJECT_CONVERSION = YES_AGGRESSIVE;
				CLANG_CXX_LANGUAGE_STANDARD = "gnu++14";
				CLANG_CXX_LIBRARY = "libc++";
				CLANG_ENABLE_MODULES = YES;
				CLANG_ENABLE_OBJC_ARC = YES;
				CLANG_ENABLE_OBJC_WEAK = YES;
				CLANG_WARN_BLOCK_CAPTURE_AUTORELEASING = YES;
				CLANG_WARN_BOOL_CONVERSION = YES;
				CLANG_WARN_COMMA = YES;
				CLANG_WARN_CONSTANT_CONVERSION = YES;
				CLANG_WARN_DEPRECATED_OBJC_IMPLEMENTATIONS = YES;
				CLANG_WARN_DIRECT_OBJC_ISA_USAGE = YES_ERROR;
				CLANG_WARN_DOCUMENTATION_COMMENTS = YES;
				CLANG_WARN_EMPTY_BODY = YES;
				CLANG_WARN_ENUM_CONVERSION = YES;
				CLANG_WARN_INFINITE_RECURSION = YES;
				CLANG_WARN_INT_CONVERSION = YES;
				CLANG_WARN_NON_LITERAL_NULL_CONVERSION = YES;
				CLANG_WARN_OBJC_IMPLICIT_RETAIN_SELF = YES;
				CLANG_WARN_OBJC_LITERAL_CONVERSION = YES;
				CLANG_WARN_OBJC_ROOT_CLASS = YES_ERROR;
				CLANG_WARN_RANGE_LOOP_ANALYSIS = YES;
				CLANG_WARN_STRICT_PROTOTYPES = YES;
				CLANG_WARN_SUSPICIOUS_MOVE = YES;
				CLANG_WARN_UNGUARDED_AVAILABILITY = YES_AGGRESSIVE;
				CLANG_WARN_UNREACHABLE_CODE = YES;
				CLANG_WARN__DUPLICATE_METHOD_MATCH = YES;
				CODE_SIGN_IDENTITY = "iPhone Developer";
				COPY_PHASE_STRIP = NO;
				DEBUG_INFORMATION_FORMAT = "dwarf-with-dsym";
				ENABLE_NS_ASSERTIONS = NO;
				ENABLE_STRICT_OBJC_MSGSEND = YES;
				GCC_C_LANGUAGE_STANDARD = gnu11;
				GCC_NO_COMMON_BLOCKS = YES;
				GCC_WARN_64_TO_32_BIT_CONVERSION = YES;
				GCC_WARN_ABOUT_RETURN_TYPE = YES_ERROR;
				GCC_WARN_UNDECLARED_SELECTOR = YES;
				GCC_WARN_UNINITIALIZED_AUTOS = YES_AGGRESSIVE;
				GCC_WARN_UNUSED_FUNCTION = YES;
				GCC_WARN_UNUSED_VARIABLE = YES;
				IPHONEOS_DEPLOYMENT_TARGET = 12.1;
				MTL_ENABLE_DEBUG_INFO = NO;
				MTL_FAST_MATH = YES;
				SDKROOT = iphoneos;
				SWIFT_COMPILATION_MODE = wholemodule;
				SWIFT_OPTIMIZATION_LEVEL = "-O";
				VALIDATE_PRODUCT = YES;
			};
			name = Release;
		};
		84AE814721EBBCFB0042D1A1 /* Debug */ = {
			isa = XCBuildConfiguration;
			buildSettings = {
				ASSETCATALOG_COMPILER_APPICON_NAME = AppIcon;
				CODE_SIGN_STYLE = Automatic;
				DEVELOPMENT_TEAM = 6N76CD6TU3;
				INFOPLIST_FILE = Testing01/Info.plist;
				IPHONEOS_DEPLOYMENT_TARGET = 11.0;
				LD_RUNPATH_SEARCH_PATHS = (
					"$(inherited)",
					"@executable_path/Frameworks",
				);
				PRODUCT_BUNDLE_IDENTIFIER = "CSE498-Herman-Miller.Testing01";
				PRODUCT_NAME = "$(TARGET_NAME)";
				SWIFT_VERSION = 4.2;
				TARGETED_DEVICE_FAMILY = "1,2";
			};
			name = Debug;
		};
		84AE814821EBBCFB0042D1A1 /* Release */ = {
			isa = XCBuildConfiguration;
			buildSettings = {
				ASSETCATALOG_COMPILER_APPICON_NAME = AppIcon;
				CODE_SIGN_STYLE = Automatic;
				DEVELOPMENT_TEAM = 6N76CD6TU3;
				INFOPLIST_FILE = Testing01/Info.plist;
				IPHONEOS_DEPLOYMENT_TARGET = 11.0;
				LD_RUNPATH_SEARCH_PATHS = (
					"$(inherited)",
					"@executable_path/Frameworks",
				);
				PRODUCT_BUNDLE_IDENTIFIER = "CSE498-Herman-Miller.Testing01";
				PRODUCT_NAME = "$(TARGET_NAME)";
				SWIFT_VERSION = 4.2;
				TARGETED_DEVICE_FAMILY = "1,2";
			};
			name = Release;
		};
		84AE814A21EBBCFB0042D1A1 /* Debug */ = {
			isa = XCBuildConfiguration;
			buildSettings = {
				ALWAYS_EMBED_SWIFT_STANDARD_LIBRARIES = YES;
				BUNDLE_LOADER = "$(TEST_HOST)";
				CODE_SIGN_STYLE = Automatic;
				DEVELOPMENT_TEAM = 6N76CD6TU3;
				INFOPLIST_FILE = Testing01Tests/Info.plist;
				LD_RUNPATH_SEARCH_PATHS = (
					"$(inherited)",
					"@executable_path/Frameworks",
					"@loader_path/Frameworks",
				);
				PRODUCT_BUNDLE_IDENTIFIER = "CSE498-Herman-Miller.Testing01Tests";
				PRODUCT_NAME = "$(TARGET_NAME)";
				SWIFT_VERSION = 4.2;
				TARGETED_DEVICE_FAMILY = "1,2";
				TEST_HOST = "$(BUILT_PRODUCTS_DIR)/Testing01.app/Testing01";
			};
			name = Debug;
		};
		84AE814B21EBBCFB0042D1A1 /* Release */ = {
			isa = XCBuildConfiguration;
			buildSettings = {
				ALWAYS_EMBED_SWIFT_STANDARD_LIBRARIES = YES;
				BUNDLE_LOADER = "$(TEST_HOST)";
				CODE_SIGN_STYLE = Automatic;
				DEVELOPMENT_TEAM = 6N76CD6TU3;
				INFOPLIST_FILE = Testing01Tests/Info.plist;
				LD_RUNPATH_SEARCH_PATHS = (
					"$(inherited)",
					"@executable_path/Frameworks",
					"@loader_path/Frameworks",
				);
				PRODUCT_BUNDLE_IDENTIFIER = "CSE498-Herman-Miller.Testing01Tests";
				PRODUCT_NAME = "$(TARGET_NAME)";
				SWIFT_VERSION = 4.2;
				TARGETED_DEVICE_FAMILY = "1,2";
				TEST_HOST = "$(BUILT_PRODUCTS_DIR)/Testing01.app/Testing01";
			};
			name = Release;
		};
		84AE814D21EBBCFB0042D1A1 /* Debug */ = {
			isa = XCBuildConfiguration;
			buildSettings = {
				ALWAYS_EMBED_SWIFT_STANDARD_LIBRARIES = YES;
				CODE_SIGN_STYLE = Automatic;
				DEVELOPMENT_TEAM = 6N76CD6TU3;
				INFOPLIST_FILE = Testing01UITests/Info.plist;
				LD_RUNPATH_SEARCH_PATHS = (
					"$(inherited)",
					"@executable_path/Frameworks",
					"@loader_path/Frameworks",
				);
				PRODUCT_BUNDLE_IDENTIFIER = "CSE498-Herman-Miller.Testing01UITests";
				PRODUCT_NAME = "$(TARGET_NAME)";
				SWIFT_VERSION = 4.2;
				TARGETED_DEVICE_FAMILY = "1,2";
				TEST_TARGET_NAME = Testing01;
			};
			name = Debug;
		};
		84AE814E21EBBCFB0042D1A1 /* Release */ = {
			isa = XCBuildConfiguration;
			buildSettings = {
				ALWAYS_EMBED_SWIFT_STANDARD_LIBRARIES = YES;
				CODE_SIGN_STYLE = Automatic;
				DEVELOPMENT_TEAM = 6N76CD6TU3;
				INFOPLIST_FILE = Testing01UITests/Info.plist;
				LD_RUNPATH_SEARCH_PATHS = (
					"$(inherited)",
					"@executable_path/Frameworks",
					"@loader_path/Frameworks",
				);
				PRODUCT_BUNDLE_IDENTIFIER = "CSE498-Herman-Miller.Testing01UITests";
				PRODUCT_NAME = "$(TARGET_NAME)";
				SWIFT_VERSION = 4.2;
				TARGETED_DEVICE_FAMILY = "1,2";
				TEST_TARGET_NAME = Testing01;
			};
			name = Release;
		};
/* End XCBuildConfiguration section */

/* Begin XCConfigurationList section */
		84AE811721EBBCFA0042D1A1 /* Build configuration list for PBXProject "Testing01" */ = {
			isa = XCConfigurationList;
			buildConfigurations = (
				84AE814421EBBCFB0042D1A1 /* Debug */,
				84AE814521EBBCFB0042D1A1 /* Release */,
			);
			defaultConfigurationIsVisible = 0;
			defaultConfigurationName = Release;
		};
		84AE814621EBBCFB0042D1A1 /* Build configuration list for PBXNativeTarget "Testing01" */ = {
			isa = XCConfigurationList;
			buildConfigurations = (
				84AE814721EBBCFB0042D1A1 /* Debug */,
				84AE814821EBBCFB0042D1A1 /* Release */,
			);
			defaultConfigurationIsVisible = 0;
			defaultConfigurationName = Release;
		};
		84AE814921EBBCFB0042D1A1 /* Build configuration list for PBXNativeTarget "Testing01Tests" */ = {
			isa = XCConfigurationList;
			buildConfigurations = (
				84AE814A21EBBCFB0042D1A1 /* Debug */,
				84AE814B21EBBCFB0042D1A1 /* Release */,
			);
			defaultConfigurationIsVisible = 0;
			defaultConfigurationName = Release;
		};
		84AE814C21EBBCFB0042D1A1 /* Build configuration list for PBXNativeTarget "Testing01UITests" */ = {
			isa = XCConfigurationList;
			buildConfigurations = (
				84AE814D21EBBCFB0042D1A1 /* Debug */,
				84AE814E21EBBCFB0042D1A1 /* Release */,
			);
			defaultConfigurationIsVisible = 0;
			defaultConfigurationName = Release;
		};
/* End XCConfigurationList section */
	};
	rootObject = 84AE811421EBBCFA0042D1A1 /* Project object */;
}
