// !$*UTF8*$!
{
	archiveVersion = 1;
	classes = {
	};
	objectVersion = 50;
	objects = {

/* Begin PBXBuildFile section */
		840B55BD21EA3FB900198815 /* Models.scnassets in Resources */ = {isa = PBXBuildFile; fileRef = 840B55BC21EA3FB900198815 /* Models.scnassets */; };
		846160BC21EA371900F14BBD /* AppDelegate.swift in Sources */ = {isa = PBXBuildFile; fileRef = 846160BB21EA371900F14BBD /* AppDelegate.swift */; };
		846160BE21EA371900F14BBD /* ViewController.swift in Sources */ = {isa = PBXBuildFile; fileRef = 846160BD21EA371900F14BBD /* ViewController.swift */; };
		846160C121EA371900F14BBD /* Main.storyboard in Resources */ = {isa = PBXBuildFile; fileRef = 846160BF21EA371900F14BBD /* Main.storyboard */; };
		846160C321EA371900F14BBD /* Assets.xcassets in Resources */ = {isa = PBXBuildFile; fileRef = 846160C221EA371900F14BBD /* Assets.xcassets */; };
		846160C621EA371900F14BBD /* LaunchScreen.storyboard in Resources */ = {isa = PBXBuildFile; fileRef = 846160C421EA371900F14BBD /* LaunchScreen.storyboard */; };
		846160D121EA371900F14BBD /* rileyjo8Test2Tests.swift in Sources */ = {isa = PBXBuildFile; fileRef = 846160D021EA371900F14BBD /* rileyjo8Test2Tests.swift */; };
		846160DC21EA371900F14BBD /* rileyjo8Test2UITests.swift in Sources */ = {isa = PBXBuildFile; fileRef = 846160DB21EA371900F14BBD /* rileyjo8Test2UITests.swift */; };
/* End PBXBuildFile section */

/* Begin PBXContainerItemProxy section */
		846160CD21EA371900F14BBD /* PBXContainerItemProxy */ = {
			isa = PBXContainerItemProxy;
			containerPortal = 846160B021EA371900F14BBD /* Project object */;
			proxyType = 1;
			remoteGlobalIDString = 846160B721EA371900F14BBD;
			remoteInfo = rileyjo8Test2;
		};
		846160D821EA371900F14BBD /* PBXContainerItemProxy */ = {
			isa = PBXContainerItemProxy;
			containerPortal = 846160B021EA371900F14BBD /* Project object */;
			proxyType = 1;
			remoteGlobalIDString = 846160B721EA371900F14BBD;
			remoteInfo = rileyjo8Test2;
		};
/* End PBXContainerItemProxy section */

/* Begin PBXFileReference section */
		840B55BC21EA3FB900198815 /* Models.scnassets */ = {isa = PBXFileReference; lastKnownFileType = wrapper.scnassets; name = Models.scnassets; path = ../../../../Downloads/Models.scnassets; sourceTree = "<group>"; };
		846160B821EA371900F14BBD /* rileyjo8Test2.app */ = {isa = PBXFileReference; explicitFileType = wrapper.application; includeInIndex = 0; path = rileyjo8Test2.app; sourceTree = BUILT_PRODUCTS_DIR; };
		846160BB21EA371900F14BBD /* AppDelegate.swift */ = {isa = PBXFileReference; lastKnownFileType = sourcecode.swift; path = AppDelegate.swift; sourceTree = "<group>"; };
		846160BD21EA371900F14BBD /* ViewController.swift */ = {isa = PBXFileReference; lastKnownFileType = sourcecode.swift; path = ViewController.swift; sourceTree = "<group>"; };
		846160C021EA371900F14BBD /* Base */ = {isa = PBXFileReference; lastKnownFileType = file.storyboard; name = Base; path = Base.lproj/Main.storyboard; sourceTree = "<group>"; };
		846160C221EA371900F14BBD /* Assets.xcassets */ = {isa = PBXFileReference; lastKnownFileType = folder.assetcatalog; path = Assets.xcassets; sourceTree = "<group>"; };
		846160C521EA371900F14BBD /* Base */ = {isa = PBXFileReference; lastKnownFileType = file.storyboard; name = Base; path = Base.lproj/LaunchScreen.storyboard; sourceTree = "<group>"; };
		846160C721EA371900F14BBD /* Info.plist */ = {isa = PBXFileReference; lastKnownFileType = text.plist.xml; path = Info.plist; sourceTree = "<group>"; };
		846160CC21EA371900F14BBD /* rileyjo8Test2Tests.xctest */ = {isa = PBXFileReference; explicitFileType = wrapper.cfbundle; includeInIndex = 0; path = rileyjo8Test2Tests.xctest; sourceTree = BUILT_PRODUCTS_DIR; };
		846160D021EA371900F14BBD /* rileyjo8Test2Tests.swift */ = {isa = PBXFileReference; lastKnownFileType = sourcecode.swift; path = rileyjo8Test2Tests.swift; sourceTree = "<group>"; };
		846160D221EA371900F14BBD /* Info.plist */ = {isa = PBXFileReference; lastKnownFileType = text.plist.xml; path = Info.plist; sourceTree = "<group>"; };
		846160D721EA371900F14BBD /* rileyjo8Test2UITests.xctest */ = {isa = PBXFileReference; explicitFileType = wrapper.cfbundle; includeInIndex = 0; path = rileyjo8Test2UITests.xctest; sourceTree = BUILT_PRODUCTS_DIR; };
		846160DB21EA371900F14BBD /* rileyjo8Test2UITests.swift */ = {isa = PBXFileReference; lastKnownFileType = sourcecode.swift; path = rileyjo8Test2UITests.swift; sourceTree = "<group>"; };
		846160DD21EA371900F14BBD /* Info.plist */ = {isa = PBXFileReference; lastKnownFileType = text.plist.xml; path = Info.plist; sourceTree = "<group>"; };
/* End PBXFileReference section */

/* Begin PBXFrameworksBuildPhase section */
		846160B521EA371900F14BBD /* Frameworks */ = {
			isa = PBXFrameworksBuildPhase;
			buildActionMask = 2147483647;
			files = (
			);
			runOnlyForDeploymentPostprocessing = 0;
		};
		846160C921EA371900F14BBD /* Frameworks */ = {
			isa = PBXFrameworksBuildPhase;
			buildActionMask = 2147483647;
			files = (
			);
			runOnlyForDeploymentPostprocessing = 0;
		};
		846160D421EA371900F14BBD /* Frameworks */ = {
			isa = PBXFrameworksBuildPhase;
			buildActionMask = 2147483647;
			files = (
			);
			runOnlyForDeploymentPostprocessing = 0;
		};
/* End PBXFrameworksBuildPhase section */

/* Begin PBXGroup section */
		846160AF21EA371900F14BBD = {
			isa = PBXGroup;
			children = (
				846160BA21EA371900F14BBD /* rileyjo8Test2 */,
				846160CF21EA371900F14BBD /* rileyjo8Test2Tests */,
				846160DA21EA371900F14BBD /* rileyjo8Test2UITests */,
				846160B921EA371900F14BBD /* Products */,
			);
			sourceTree = "<group>";
		};
		846160B921EA371900F14BBD /* Products */ = {
			isa = PBXGroup;
			children = (
				846160B821EA371900F14BBD /* rileyjo8Test2.app */,
				846160CC21EA371900F14BBD /* rileyjo8Test2Tests.xctest */,
				846160D721EA371900F14BBD /* rileyjo8Test2UITests.xctest */,
			);
			name = Products;
			sourceTree = "<group>";
		};
		846160BA21EA371900F14BBD /* rileyjo8Test2 */ = {
			isa = PBXGroup;
			children = (
				846160BB21EA371900F14BBD /* AppDelegate.swift */,
				846160BD21EA371900F14BBD /* ViewController.swift */,
				840B55BC21EA3FB900198815 /* Models.scnassets */,
				846160BF21EA371900F14BBD /* Main.storyboard */,
				846160C221EA371900F14BBD /* Assets.xcassets */,
				846160C421EA371900F14BBD /* LaunchScreen.storyboard */,
				846160C721EA371900F14BBD /* Info.plist */,
			);
			path = rileyjo8Test2;
			sourceTree = "<group>";
		};
		846160CF21EA371900F14BBD /* rileyjo8Test2Tests */ = {
			isa = PBXGroup;
			children = (
				846160D021EA371900F14BBD /* rileyjo8Test2Tests.swift */,
				846160D221EA371900F14BBD /* Info.plist */,
			);
			path = rileyjo8Test2Tests;
			sourceTree = "<group>";
		};
		846160DA21EA371900F14BBD /* rileyjo8Test2UITests */ = {
			isa = PBXGroup;
			children = (
				846160DB21EA371900F14BBD /* rileyjo8Test2UITests.swift */,
				846160DD21EA371900F14BBD /* Info.plist */,
			);
			path = rileyjo8Test2UITests;
			sourceTree = "<group>";
		};
/* End PBXGroup section */

/* Begin PBXNativeTarget section */
		846160B721EA371900F14BBD /* rileyjo8Test2 */ = {
			isa = PBXNativeTarget;
			buildConfigurationList = 846160E021EA371900F14BBD /* Build configuration list for PBXNativeTarget "rileyjo8Test2" */;
			buildPhases = (
				846160B421EA371900F14BBD /* Sources */,
				846160B521EA371900F14BBD /* Frameworks */,
				846160B621EA371900F14BBD /* Resources */,
			);
			buildRules = (
			);
			dependencies = (
			);
			name = rileyjo8Test2;
			productName = rileyjo8Test2;
			productReference = 846160B821EA371900F14BBD /* rileyjo8Test2.app */;
			productType = "com.apple.product-type.application";
		};
		846160CB21EA371900F14BBD /* rileyjo8Test2Tests */ = {
			isa = PBXNativeTarget;
			buildConfigurationList = 846160E321EA371900F14BBD /* Build configuration list for PBXNativeTarget "rileyjo8Test2Tests" */;
			buildPhases = (
				846160C821EA371900F14BBD /* Sources */,
				846160C921EA371900F14BBD /* Frameworks */,
				846160CA21EA371900F14BBD /* Resources */,
			);
			buildRules = (
			);
			dependencies = (
				846160CE21EA371900F14BBD /* PBXTargetDependency */,
			);
			name = rileyjo8Test2Tests;
			productName = rileyjo8Test2Tests;
			productReference = 846160CC21EA371900F14BBD /* rileyjo8Test2Tests.xctest */;
			productType = "com.apple.product-type.bundle.unit-test";
		};
		846160D621EA371900F14BBD /* rileyjo8Test2UITests */ = {
			isa = PBXNativeTarget;
			buildConfigurationList = 846160E621EA371900F14BBD /* Build configuration list for PBXNativeTarget "rileyjo8Test2UITests" */;
			buildPhases = (
				846160D321EA371900F14BBD /* Sources */,
				846160D421EA371900F14BBD /* Frameworks */,
				846160D521EA371900F14BBD /* Resources */,
			);
			buildRules = (
			);
			dependencies = (
				846160D921EA371900F14BBD /* PBXTargetDependency */,
			);
			name = rileyjo8Test2UITests;
			productName = rileyjo8Test2UITests;
			productReference = 846160D721EA371900F14BBD /* rileyjo8Test2UITests.xctest */;
			productType = "com.apple.product-type.bundle.ui-testing";
		};
/* End PBXNativeTarget section */

/* Begin PBXProject section */
		846160B021EA371900F14BBD /* Project object */ = {
			isa = PBXProject;
			attributes = {
				LastSwiftUpdateCheck = 1010;
				LastUpgradeCheck = 1010;
				ORGANIZATIONNAME = "Team Herman Miller";
				TargetAttributes = {
					846160B721EA371900F14BBD = {
						CreatedOnToolsVersion = 10.1;
					};
					846160CB21EA371900F14BBD = {
						CreatedOnToolsVersion = 10.1;
						TestTargetID = 846160B721EA371900F14BBD;
					};
					846160D621EA371900F14BBD = {
						CreatedOnToolsVersion = 10.1;
						TestTargetID = 846160B721EA371900F14BBD;
					};
				};
			};
			buildConfigurationList = 846160B321EA371900F14BBD /* Build configuration list for PBXProject "rileyjo8Test2" */;
			compatibilityVersion = "Xcode 9.3";
			developmentRegion = en;
			hasScannedForEncodings = 0;
			knownRegions = (
				en,
				Base,
			);
			mainGroup = 846160AF21EA371900F14BBD;
			productRefGroup = 846160B921EA371900F14BBD /* Products */;
			projectDirPath = "";
			projectRoot = "";
			targets = (
				846160B721EA371900F14BBD /* rileyjo8Test2 */,
				846160CB21EA371900F14BBD /* rileyjo8Test2Tests */,
				846160D621EA371900F14BBD /* rileyjo8Test2UITests */,
			);
		};
/* End PBXProject section */

/* Begin PBXResourcesBuildPhase section */
		846160B621EA371900F14BBD /* Resources */ = {
			isa = PBXResourcesBuildPhase;
			buildActionMask = 2147483647;
			files = (
				846160C621EA371900F14BBD /* LaunchScreen.storyboard in Resources */,
				840B55BD21EA3FB900198815 /* Models.scnassets in Resources */,
				846160C321EA371900F14BBD /* Assets.xcassets in Resources */,
				846160C121EA371900F14BBD /* Main.storyboard in Resources */,
			);
			runOnlyForDeploymentPostprocessing = 0;
		};
		846160CA21EA371900F14BBD /* Resources */ = {
			isa = PBXResourcesBuildPhase;
			buildActionMask = 2147483647;
			files = (
			);
			runOnlyForDeploymentPostprocessing = 0;
		};
		846160D521EA371900F14BBD /* Resources */ = {
			isa = PBXResourcesBuildPhase;
			buildActionMask = 2147483647;
			files = (
			);
			runOnlyForDeploymentPostprocessing = 0;
		};
/* End PBXResourcesBuildPhase section */

/* Begin PBXSourcesBuildPhase section */
		846160B421EA371900F14BBD /* Sources */ = {
			isa = PBXSourcesBuildPhase;
			buildActionMask = 2147483647;
			files = (
				846160BE21EA371900F14BBD /* ViewController.swift in Sources */,
				846160BC21EA371900F14BBD /* AppDelegate.swift in Sources */,
			);
			runOnlyForDeploymentPostprocessing = 0;
		};
		846160C821EA371900F14BBD /* Sources */ = {
			isa = PBXSourcesBuildPhase;
			buildActionMask = 2147483647;
			files = (
				846160D121EA371900F14BBD /* rileyjo8Test2Tests.swift in Sources */,
			);
			runOnlyForDeploymentPostprocessing = 0;
		};
		846160D321EA371900F14BBD /* Sources */ = {
			isa = PBXSourcesBuildPhase;
			buildActionMask = 2147483647;
			files = (
				846160DC21EA371900F14BBD /* rileyjo8Test2UITests.swift in Sources */,
			);
			runOnlyForDeploymentPostprocessing = 0;
		};
/* End PBXSourcesBuildPhase section */

/* Begin PBXTargetDependency section */
		846160CE21EA371900F14BBD /* PBXTargetDependency */ = {
			isa = PBXTargetDependency;
			target = 846160B721EA371900F14BBD /* rileyjo8Test2 */;
			targetProxy = 846160CD21EA371900F14BBD /* PBXContainerItemProxy */;
		};
		846160D921EA371900F14BBD /* PBXTargetDependency */ = {
			isa = PBXTargetDependency;
			target = 846160B721EA371900F14BBD /* rileyjo8Test2 */;
			targetProxy = 846160D821EA371900F14BBD /* PBXContainerItemProxy */;
		};
/* End PBXTargetDependency section */

/* Begin PBXVariantGroup section */
		846160BF21EA371900F14BBD /* Main.storyboard */ = {
			isa = PBXVariantGroup;
			children = (
				846160C021EA371900F14BBD /* Base */,
			);
			name = Main.storyboard;
			sourceTree = "<group>";
		};
		846160C421EA371900F14BBD /* LaunchScreen.storyboard */ = {
			isa = PBXVariantGroup;
			children = (
				846160C521EA371900F14BBD /* Base */,
			);
			name = LaunchScreen.storyboard;
			sourceTree = "<group>";
		};
/* End PBXVariantGroup section */

/* Begin XCBuildConfiguration section */
		846160DE21EA371900F14BBD /* Debug */ = {
			isa = XCBuildConfiguration;
			buildSettings = {
				ALWAYS_SEARCH_USER_PATHS = NO;
				CLANG_ANALYZER_NONNULL = YES;
				CLANG_ANALYZER_NUMBER_OBJECT_CONVERSION = YES_AGGRESSIVE;
				CLANG_CXX_LANGUAGE_STANDARD = "gnu++14";
				CLANG_CXX_LIBRARY = "libc++";
				CLANG_ENABLE_MODULES = YES;
				CLANG_ENABLE_OBJC_ARC = YES;
				CLANG_ENABLE_OBJC_WEAK = YES;
				CLANG_WARN_BLOCK_CAPTURE_AUTORELEASING = YES;
				CLANG_WARN_BOOL_CONVERSION = YES;
				CLANG_WARN_COMMA = YES;
				CLANG_WARN_CONSTANT_CONVERSION = YES;
				CLANG_WARN_DEPRECATED_OBJC_IMPLEMENTATIONS = YES;
				CLANG_WARN_DIRECT_OBJC_ISA_USAGE = YES_ERROR;
				CLANG_WARN_DOCUMENTATION_COMMENTS = YES;
				CLANG_WARN_EMPTY_BODY = YES;
				CLANG_WARN_ENUM_CONVERSION = YES;
				CLANG_WARN_INFINITE_RECURSION = YES;
				CLANG_WARN_INT_CONVERSION = YES;
				CLANG_WARN_NON_LITERAL_NULL_CONVERSION = YES;
				CLANG_WARN_OBJC_IMPLICIT_RETAIN_SELF = YES;
				CLANG_WARN_OBJC_LITERAL_CONVERSION = YES;
				CLANG_WARN_OBJC_ROOT_CLASS = YES_ERROR;
				CLANG_WARN_RANGE_LOOP_ANALYSIS = YES;
				CLANG_WARN_STRICT_PROTOTYPES = YES;
				CLANG_WARN_SUSPICIOUS_MOVE = YES;
				CLANG_WARN_UNGUARDED_AVAILABILITY = YES_AGGRESSIVE;
				CLANG_WARN_UNREACHABLE_CODE = YES;
				CLANG_WARN__DUPLICATE_METHOD_MATCH = YES;
				CODE_SIGN_IDENTITY = "iPhone Developer";
				COPY_PHASE_STRIP = NO;
				DEBUG_INFORMATION_FORMAT = dwarf;
				ENABLE_STRICT_OBJC_MSGSEND = YES;
				ENABLE_TESTABILITY = YES;
				GCC_C_LANGUAGE_STANDARD = gnu11;
				GCC_DYNAMIC_NO_PIC = NO;
				GCC_NO_COMMON_BLOCKS = YES;
				GCC_OPTIMIZATION_LEVEL = 0;
				GCC_PREPROCESSOR_DEFINITIONS = (
					"DEBUG=1",
					"$(inherited)",
				);
				GCC_WARN_64_TO_32_BIT_CONVERSION = YES;
				GCC_WARN_ABOUT_RETURN_TYPE = YES_ERROR;
				GCC_WARN_UNDECLARED_SELECTOR = YES;
				GCC_WARN_UNINITIALIZED_AUTOS = YES_AGGRESSIVE;
				GCC_WARN_UNUSED_FUNCTION = YES;
				GCC_WARN_UNUSED_VARIABLE = YES;
				IPHONEOS_DEPLOYMENT_TARGET = 12.1;
				MTL_ENABLE_DEBUG_INFO = INCLUDE_SOURCE;
				MTL_FAST_MATH = YES;
				ONLY_ACTIVE_ARCH = YES;
				SDKROOT = iphoneos;
				SWIFT_ACTIVE_COMPILATION_CONDITIONS = DEBUG;
				SWIFT_OPTIMIZATION_LEVEL = "-Onone";
			};
			name = Debug;
		};
		846160DF21EA371900F14BBD /* Release */ = {
			isa = XCBuildConfiguration;
			buildSettings = {
				ALWAYS_SEARCH_USER_PATHS = NO;
				CLANG_ANALYZER_NONNULL = YES;
				CLANG_ANALYZER_NUMBER_OBJECT_CONVERSION = YES_AGGRESSIVE;
				CLANG_CXX_LANGUAGE_STANDARD = "gnu++14";
				CLANG_CXX_LIBRARY = "libc++";
				CLANG_ENABLE_MODULES = YES;
				CLANG_ENABLE_OBJC_ARC = YES;
				CLANG_ENABLE_OBJC_WEAK = YES;
				CLANG_WARN_BLOCK_CAPTURE_AUTORELEASING = YES;
				CLANG_WARN_BOOL_CONVERSION = YES;
				CLANG_WARN_COMMA = YES;
				CLANG_WARN_CONSTANT_CONVERSION = YES;
				CLANG_WARN_DEPRECATED_OBJC_IMPLEMENTATIONS = YES;
				CLANG_WARN_DIRECT_OBJC_ISA_USAGE = YES_ERROR;
				CLANG_WARN_DOCUMENTATION_COMMENTS = YES;
				CLANG_WARN_EMPTY_BODY = YES;
				CLANG_WARN_ENUM_CONVERSION = YES;
				CLANG_WARN_INFINITE_RECURSION = YES;
				CLANG_WARN_INT_CONVERSION = YES;
				CLANG_WARN_NON_LITERAL_NULL_CONVERSION = YES;
				CLANG_WARN_OBJC_IMPLICIT_RETAIN_SELF = YES;
				CLANG_WARN_OBJC_LITERAL_CONVERSION = YES;
				CLANG_WARN_OBJC_ROOT_CLASS = YES_ERROR;
				CLANG_WARN_RANGE_LOOP_ANALYSIS = YES;
				CLANG_WARN_STRICT_PROTOTYPES = YES;
				CLANG_WARN_SUSPICIOUS_MOVE = YES;
				CLANG_WARN_UNGUARDED_AVAILABILITY = YES_AGGRESSIVE;
				CLANG_WARN_UNREACHABLE_CODE = YES;
				CLANG_WARN__DUPLICATE_METHOD_MATCH = YES;
				CODE_SIGN_IDENTITY = "iPhone Developer";
				COPY_PHASE_STRIP = NO;
				DEBUG_INFORMATION_FORMAT = "dwarf-with-dsym";
				ENABLE_NS_ASSERTIONS = NO;
				ENABLE_STRICT_OBJC_MSGSEND = YES;
				GCC_C_LANGUAGE_STANDARD = gnu11;
				GCC_NO_COMMON_BLOCKS = YES;
				GCC_WARN_64_TO_32_BIT_CONVERSION = YES;
				GCC_WARN_ABOUT_RETURN_TYPE = YES_ERROR;
				GCC_WARN_UNDECLARED_SELECTOR = YES;
				GCC_WARN_UNINITIALIZED_AUTOS = YES_AGGRESSIVE;
				GCC_WARN_UNUSED_FUNCTION = YES;
				GCC_WARN_UNUSED_VARIABLE = YES;
				IPHONEOS_DEPLOYMENT_TARGET = 12.1;
				MTL_ENABLE_DEBUG_INFO = NO;
				MTL_FAST_MATH = YES;
				SDKROOT = iphoneos;
				SWIFT_COMPILATION_MODE = wholemodule;
				SWIFT_OPTIMIZATION_LEVEL = "-O";
				VALIDATE_PRODUCT = YES;
			};
			name = Release;
		};
		846160E121EA371900F14BBD /* Debug */ = {
			isa = XCBuildConfiguration;
			buildSettings = {
				ASSETCATALOG_COMPILER_APPICON_NAME = AppIcon;
				CODE_SIGN_STYLE = Automatic;
				DEVELOPMENT_TEAM = RT685L42GW;
				INFOPLIST_FILE = rileyjo8Test2/Info.plist;
				LD_RUNPATH_SEARCH_PATHS = (
					"$(inherited)",
					"@executable_path/Frameworks",
				);
				PRODUCT_BUNDLE_IDENTIFIER = HM.rileyjo8Test2;
				PRODUCT_NAME = "$(TARGET_NAME)";
				SWIFT_VERSION = 4.2;
				TARGETED_DEVICE_FAMILY = "1,2";
			};
			name = Debug;
		};
		846160E221EA371900F14BBD /* Release */ = {
			isa = XCBuildConfiguration;
			buildSettings = {
				ASSETCATALOG_COMPILER_APPICON_NAME = AppIcon;
				CODE_SIGN_STYLE = Automatic;
				DEVELOPMENT_TEAM = RT685L42GW;
				INFOPLIST_FILE = rileyjo8Test2/Info.plist;
				LD_RUNPATH_SEARCH_PATHS = (
					"$(inherited)",
					"@executable_path/Frameworks",
				);
				PRODUCT_BUNDLE_IDENTIFIER = HM.rileyjo8Test2;
				PRODUCT_NAME = "$(TARGET_NAME)";
				SWIFT_VERSION = 4.2;
				TARGETED_DEVICE_FAMILY = "1,2";
			};
			name = Release;
		};
		846160E421EA371900F14BBD /* Debug */ = {
			isa = XCBuildConfiguration;
			buildSettings = {
				ALWAYS_EMBED_SWIFT_STANDARD_LIBRARIES = YES;
				BUNDLE_LOADER = "$(TEST_HOST)";
				CODE_SIGN_STYLE = Automatic;
				DEVELOPMENT_TEAM = RT685L42GW;
				INFOPLIST_FILE = rileyjo8Test2Tests/Info.plist;
				LD_RUNPATH_SEARCH_PATHS = (
					"$(inherited)",
					"@executable_path/Frameworks",
					"@loader_path/Frameworks",
				);
				PRODUCT_BUNDLE_IDENTIFIER = HM.rileyjo8Test2Tests;
				PRODUCT_NAME = "$(TARGET_NAME)";
				SWIFT_VERSION = 4.2;
				TARGETED_DEVICE_FAMILY = "1,2";
				TEST_HOST = "$(BUILT_PRODUCTS_DIR)/rileyjo8Test2.app/rileyjo8Test2";
			};
			name = Debug;
		};
		846160E521EA371900F14BBD /* Release */ = {
			isa = XCBuildConfiguration;
			buildSettings = {
				ALWAYS_EMBED_SWIFT_STANDARD_LIBRARIES = YES;
				BUNDLE_LOADER = "$(TEST_HOST)";
				CODE_SIGN_STYLE = Automatic;
				DEVELOPMENT_TEAM = RT685L42GW;
				INFOPLIST_FILE = rileyjo8Test2Tests/Info.plist;
				LD_RUNPATH_SEARCH_PATHS = (
					"$(inherited)",
					"@executable_path/Frameworks",
					"@loader_path/Frameworks",
				);
				PRODUCT_BUNDLE_IDENTIFIER = HM.rileyjo8Test2Tests;
				PRODUCT_NAME = "$(TARGET_NAME)";
				SWIFT_VERSION = 4.2;
				TARGETED_DEVICE_FAMILY = "1,2";
				TEST_HOST = "$(BUILT_PRODUCTS_DIR)/rileyjo8Test2.app/rileyjo8Test2";
			};
			name = Release;
		};
		846160E721EA371900F14BBD /* Debug */ = {
			isa = XCBuildConfiguration;
			buildSettings = {
				ALWAYS_EMBED_SWIFT_STANDARD_LIBRARIES = YES;
				CODE_SIGN_STYLE = Automatic;
				DEVELOPMENT_TEAM = RT685L42GW;
				INFOPLIST_FILE = rileyjo8Test2UITests/Info.plist;
				LD_RUNPATH_SEARCH_PATHS = (
					"$(inherited)",
					"@executable_path/Frameworks",
					"@loader_path/Frameworks",
				);
				PRODUCT_BUNDLE_IDENTIFIER = HM.rileyjo8Test2UITests;
				PRODUCT_NAME = "$(TARGET_NAME)";
				SWIFT_VERSION = 4.2;
				TARGETED_DEVICE_FAMILY = "1,2";
				TEST_TARGET_NAME = rileyjo8Test2;
			};
			name = Debug;
		};
		846160E821EA371900F14BBD /* Release */ = {
			isa = XCBuildConfiguration;
			buildSettings = {
				ALWAYS_EMBED_SWIFT_STANDARD_LIBRARIES = YES;
				CODE_SIGN_STYLE = Automatic;
				DEVELOPMENT_TEAM = RT685L42GW;
				INFOPLIST_FILE = rileyjo8Test2UITests/Info.plist;
				LD_RUNPATH_SEARCH_PATHS = (
					"$(inherited)",
					"@executable_path/Frameworks",
					"@loader_path/Frameworks",
				);
				PRODUCT_BUNDLE_IDENTIFIER = HM.rileyjo8Test2UITests;
				PRODUCT_NAME = "$(TARGET_NAME)";
				SWIFT_VERSION = 4.2;
				TARGETED_DEVICE_FAMILY = "1,2";
				TEST_TARGET_NAME = rileyjo8Test2;
			};
			name = Release;
		};
/* End XCBuildConfiguration section */

/* Begin XCConfigurationList section */
		846160B321EA371900F14BBD /* Build configuration list for PBXProject "rileyjo8Test2" */ = {
			isa = XCConfigurationList;
			buildConfigurations = (
				846160DE21EA371900F14BBD /* Debug */,
				846160DF21EA371900F14BBD /* Release */,
			);
			defaultConfigurationIsVisible = 0;
			defaultConfigurationName = Release;
		};
		846160E021EA371900F14BBD /* Build configuration list for PBXNativeTarget "rileyjo8Test2" */ = {
			isa = XCConfigurationList;
			buildConfigurations = (
				846160E121EA371900F14BBD /* Debug */,
				846160E221EA371900F14BBD /* Release */,
			);
			defaultConfigurationIsVisible = 0;
			defaultConfigurationName = Release;
		};
		846160E321EA371900F14BBD /* Build configuration list for PBXNativeTarget "rileyjo8Test2Tests" */ = {
			isa = XCConfigurationList;
			buildConfigurations = (
				846160E421EA371900F14BBD /* Debug */,
				846160E521EA371900F14BBD /* Release */,
			);
			defaultConfigurationIsVisible = 0;
			defaultConfigurationName = Release;
		};
		846160E621EA371900F14BBD /* Build configuration list for PBXNativeTarget "rileyjo8Test2UITests" */ = {
			isa = XCConfigurationList;
			buildConfigurations = (
				846160E721EA371900F14BBD /* Debug */,
				846160E821EA371900F14BBD /* Release */,
			);
			defaultConfigurationIsVisible = 0;
			defaultConfigurationName = Release;
		};
/* End XCConfigurationList section */
	};
	rootObject = 846160B021EA371900F14BBD /* Project object */;
}
