// !$*UTF8*$!
{
	archiveVersion = 1;
	classes = {
	};
	objectVersion = 50;
	objects = {

/* Begin PBXBuildFile section */
		843726E121E9582A008CE61F /* AppDelegate.swift in Sources */ = {isa = PBXBuildFile; fileRef = 843726E021E9582A008CE61F /* AppDelegate.swift */; };
		843726E321E9582A008CE61F /* ViewController.swift in Sources */ = {isa = PBXBuildFile; fileRef = 843726E221E9582A008CE61F /* ViewController.swift */; };
		843726E621E9582A008CE61F /* Main.storyboard in Resources */ = {isa = PBXBuildFile; fileRef = 843726E421E9582A008CE61F /* Main.storyboard */; };
		843726E821E9582A008CE61F /* Assets.xcassets in Resources */ = {isa = PBXBuildFile; fileRef = 843726E721E9582A008CE61F /* Assets.xcassets */; };
		843726EB21E9582A008CE61F /* LaunchScreen.storyboard in Resources */ = {isa = PBXBuildFile; fileRef = 843726E921E9582A008CE61F /* LaunchScreen.storyboard */; };
		843726F621E9582B008CE61F /* ARtestTests.swift in Sources */ = {isa = PBXBuildFile; fileRef = 843726F521E9582B008CE61F /* ARtestTests.swift */; };
		8437270121E9582B008CE61F /* ARtestUITests.swift in Sources */ = {isa = PBXBuildFile; fileRef = 8437270021E9582B008CE61F /* ARtestUITests.swift */; };
/* End PBXBuildFile section */

/* Begin PBXContainerItemProxy section */
		843726F221E9582B008CE61F /* PBXContainerItemProxy */ = {
			isa = PBXContainerItemProxy;
			containerPortal = 843726D521E9582A008CE61F /* Project object */;
			proxyType = 1;
			remoteGlobalIDString = 843726DC21E9582A008CE61F;
			remoteInfo = ARtest;
		};
		843726FD21E9582B008CE61F /* PBXContainerItemProxy */ = {
			isa = PBXContainerItemProxy;
			containerPortal = 843726D521E9582A008CE61F /* Project object */;
			proxyType = 1;
			remoteGlobalIDString = 843726DC21E9582A008CE61F;
			remoteInfo = ARtest;
		};
/* End PBXContainerItemProxy section */

/* Begin PBXFileReference section */
		843726DD21E9582A008CE61F /* ARtest.app */ = {isa = PBXFileReference; explicitFileType = wrapper.application; includeInIndex = 0; path = ARtest.app; sourceTree = BUILT_PRODUCTS_DIR; };
		843726E021E9582A008CE61F /* AppDelegate.swift */ = {isa = PBXFileReference; lastKnownFileType = sourcecode.swift; path = AppDelegate.swift; sourceTree = "<group>"; };
		843726E221E9582A008CE61F /* ViewController.swift */ = {isa = PBXFileReference; lastKnownFileType = sourcecode.swift; path = ViewController.swift; sourceTree = "<group>"; };
		843726E521E9582A008CE61F /* Base */ = {isa = PBXFileReference; lastKnownFileType = file.storyboard; name = Base; path = Base.lproj/Main.storyboard; sourceTree = "<group>"; };
		843726E721E9582A008CE61F /* Assets.xcassets */ = {isa = PBXFileReference; lastKnownFileType = folder.assetcatalog; path = Assets.xcassets; sourceTree = "<group>"; };
		843726EA21E9582A008CE61F /* Base */ = {isa = PBXFileReference; lastKnownFileType = file.storyboard; name = Base; path = Base.lproj/LaunchScreen.storyboard; sourceTree = "<group>"; };
		843726EC21E9582A008CE61F /* Info.plist */ = {isa = PBXFileReference; lastKnownFileType = text.plist.xml; path = Info.plist; sourceTree = "<group>"; };
		843726F121E9582B008CE61F /* ARtestTests.xctest */ = {isa = PBXFileReference; explicitFileType = wrapper.cfbundle; includeInIndex = 0; path = ARtestTests.xctest; sourceTree = BUILT_PRODUCTS_DIR; };
		843726F521E9582B008CE61F /* ARtestTests.swift */ = {isa = PBXFileReference; lastKnownFileType = sourcecode.swift; path = ARtestTests.swift; sourceTree = "<group>"; };
		843726F721E9582B008CE61F /* Info.plist */ = {isa = PBXFileReference; lastKnownFileType = text.plist.xml; path = Info.plist; sourceTree = "<group>"; };
		843726FC21E9582B008CE61F /* ARtestUITests.xctest */ = {isa = PBXFileReference; explicitFileType = wrapper.cfbundle; includeInIndex = 0; path = ARtestUITests.xctest; sourceTree = BUILT_PRODUCTS_DIR; };
		8437270021E9582B008CE61F /* ARtestUITests.swift */ = {isa = PBXFileReference; lastKnownFileType = sourcecode.swift; path = ARtestUITests.swift; sourceTree = "<group>"; };
		8437270221E9582B008CE61F /* Info.plist */ = {isa = PBXFileReference; lastKnownFileType = text.plist.xml; path = Info.plist; sourceTree = "<group>"; };
/* End PBXFileReference section */

/* Begin PBXFrameworksBuildPhase section */
		843726DA21E9582A008CE61F /* Frameworks */ = {
			isa = PBXFrameworksBuildPhase;
			buildActionMask = 2147483647;
			files = (
			);
			runOnlyForDeploymentPostprocessing = 0;
		};
		843726EE21E9582B008CE61F /* Frameworks */ = {
			isa = PBXFrameworksBuildPhase;
			buildActionMask = 2147483647;
			files = (
			);
			runOnlyForDeploymentPostprocessing = 0;
		};
		843726F921E9582B008CE61F /* Frameworks */ = {
			isa = PBXFrameworksBuildPhase;
			buildActionMask = 2147483647;
			files = (
			);
			runOnlyForDeploymentPostprocessing = 0;
		};
/* End PBXFrameworksBuildPhase section */

/* Begin PBXGroup section */
		843726D421E9582A008CE61F = {
			isa = PBXGroup;
			children = (
				843726DF21E9582A008CE61F /* ARtest */,
				843726F421E9582B008CE61F /* ARtestTests */,
				843726FF21E9582B008CE61F /* ARtestUITests */,
				843726DE21E9582A008CE61F /* Products */,
			);
			sourceTree = "<group>";
		};
		843726DE21E9582A008CE61F /* Products */ = {
			isa = PBXGroup;
			children = (
				843726DD21E9582A008CE61F /* ARtest.app */,
				843726F121E9582B008CE61F /* ARtestTests.xctest */,
				843726FC21E9582B008CE61F /* ARtestUITests.xctest */,
			);
			name = Products;
			sourceTree = "<group>";
		};
		843726DF21E9582A008CE61F /* ARtest */ = {
			isa = PBXGroup;
			children = (
				843726E021E9582A008CE61F /* AppDelegate.swift */,
				843726E221E9582A008CE61F /* ViewController.swift */,
				843726E421E9582A008CE61F /* Main.storyboard */,
				843726E721E9582A008CE61F /* Assets.xcassets */,
				843726E921E9582A008CE61F /* LaunchScreen.storyboard */,
				843726EC21E9582A008CE61F /* Info.plist */,
			);
			path = ARtest;
			sourceTree = "<group>";
		};
		843726F421E9582B008CE61F /* ARtestTests */ = {
			isa = PBXGroup;
			children = (
				843726F521E9582B008CE61F /* ARtestTests.swift */,
				843726F721E9582B008CE61F /* Info.plist */,
			);
			path = ARtestTests;
			sourceTree = "<group>";
		};
		843726FF21E9582B008CE61F /* ARtestUITests */ = {
			isa = PBXGroup;
			children = (
				8437270021E9582B008CE61F /* ARtestUITests.swift */,
				8437270221E9582B008CE61F /* Info.plist */,
			);
			path = ARtestUITests;
			sourceTree = "<group>";
		};
/* End PBXGroup section */

/* Begin PBXNativeTarget section */
		843726DC21E9582A008CE61F /* ARtest */ = {
			isa = PBXNativeTarget;
			buildConfigurationList = 8437270521E9582B008CE61F /* Build configuration list for PBXNativeTarget "ARtest" */;
			buildPhases = (
				843726D921E9582A008CE61F /* Sources */,
				843726DA21E9582A008CE61F /* Frameworks */,
				843726DB21E9582A008CE61F /* Resources */,
			);
			buildRules = (
			);
			dependencies = (
			);
			name = ARtest;
			productName = ARtest;
			productReference = 843726DD21E9582A008CE61F /* ARtest.app */;
			productType = "com.apple.product-type.application";
		};
		843726F021E9582B008CE61F /* ARtestTests */ = {
			isa = PBXNativeTarget;
			buildConfigurationList = 8437270821E9582B008CE61F /* Build configuration list for PBXNativeTarget "ARtestTests" */;
			buildPhases = (
				843726ED21E9582B008CE61F /* Sources */,
				843726EE21E9582B008CE61F /* Frameworks */,
				843726EF21E9582B008CE61F /* Resources */,
			);
			buildRules = (
			);
			dependencies = (
				843726F321E9582B008CE61F /* PBXTargetDependency */,
			);
			name = ARtestTests;
			productName = ARtestTests;
			productReference = 843726F121E9582B008CE61F /* ARtestTests.xctest */;
			productType = "com.apple.product-type.bundle.unit-test";
		};
		843726FB21E9582B008CE61F /* ARtestUITests */ = {
			isa = PBXNativeTarget;
			buildConfigurationList = 8437270B21E9582B008CE61F /* Build configuration list for PBXNativeTarget "ARtestUITests" */;
			buildPhases = (
				843726F821E9582B008CE61F /* Sources */,
				843726F921E9582B008CE61F /* Frameworks */,
				843726FA21E9582B008CE61F /* Resources */,
			);
			buildRules = (
			);
			dependencies = (
				843726FE21E9582B008CE61F /* PBXTargetDependency */,
			);
			name = ARtestUITests;
			productName = ARtestUITests;
			productReference = 843726FC21E9582B008CE61F /* ARtestUITests.xctest */;
			productType = "com.apple.product-type.bundle.ui-testing";
		};
/* End PBXNativeTarget section */

/* Begin PBXProject section */
		843726D521E9582A008CE61F /* Project object */ = {
			isa = PBXProject;
			attributes = {
				LastSwiftUpdateCheck = 1010;
				LastUpgradeCheck = 1010;
				ORGANIZATIONNAME = "Team Herman Miller";
				TargetAttributes = {
					843726DC21E9582A008CE61F = {
						CreatedOnToolsVersion = 10.1;
					};
					843726F021E9582B008CE61F = {
						CreatedOnToolsVersion = 10.1;
						TestTargetID = 843726DC21E9582A008CE61F;
					};
					843726FB21E9582B008CE61F = {
						CreatedOnToolsVersion = 10.1;
						TestTargetID = 843726DC21E9582A008CE61F;
					};
				};
			};
			buildConfigurationList = 843726D821E9582A008CE61F /* Build configuration list for PBXProject "ARtest" */;
			compatibilityVersion = "Xcode 9.3";
			developmentRegion = en;
			hasScannedForEncodings = 0;
			knownRegions = (
				en,
				Base,
			);
			mainGroup = 843726D421E9582A008CE61F;
			productRefGroup = 843726DE21E9582A008CE61F /* Products */;
			projectDirPath = "";
			projectRoot = "";
			targets = (
				843726DC21E9582A008CE61F /* ARtest */,
				843726F021E9582B008CE61F /* ARtestTests */,
				843726FB21E9582B008CE61F /* ARtestUITests */,
			);
		};
/* End PBXProject section */

/* Begin PBXResourcesBuildPhase section */
		843726DB21E9582A008CE61F /* Resources */ = {
			isa = PBXResourcesBuildPhase;
			buildActionMask = 2147483647;
			files = (
				843726EB21E9582A008CE61F /* LaunchScreen.storyboard in Resources */,
				843726E821E9582A008CE61F /* Assets.xcassets in Resources */,
				843726E621E9582A008CE61F /* Main.storyboard in Resources */,
			);
			runOnlyForDeploymentPostprocessing = 0;
		};
		843726EF21E9582B008CE61F /* Resources */ = {
			isa = PBXResourcesBuildPhase;
			buildActionMask = 2147483647;
			files = (
			);
			runOnlyForDeploymentPostprocessing = 0;
		};
		843726FA21E9582B008CE61F /* Resources */ = {
			isa = PBXResourcesBuildPhase;
			buildActionMask = 2147483647;
			files = (
			);
			runOnlyForDeploymentPostprocessing = 0;
		};
/* End PBXResourcesBuildPhase section */

/* Begin PBXSourcesBuildPhase section */
		843726D921E9582A008CE61F /* Sources */ = {
			isa = PBXSourcesBuildPhase;
			buildActionMask = 2147483647;
			files = (
				843726E321E9582A008CE61F /* ViewController.swift in Sources */,
				843726E121E9582A008CE61F /* AppDelegate.swift in Sources */,
			);
			runOnlyForDeploymentPostprocessing = 0;
		};
		843726ED21E9582B008CE61F /* Sources */ = {
			isa = PBXSourcesBuildPhase;
			buildActionMask = 2147483647;
			files = (
				843726F621E9582B008CE61F /* ARtestTests.swift in Sources */,
			);
			runOnlyForDeploymentPostprocessing = 0;
		};
		843726F821E9582B008CE61F /* Sources */ = {
			isa = PBXSourcesBuildPhase;
			buildActionMask = 2147483647;
			files = (
				8437270121E9582B008CE61F /* ARtestUITests.swift in Sources */,
			);
			runOnlyForDeploymentPostprocessing = 0;
		};
/* End PBXSourcesBuildPhase section */

/* Begin PBXTargetDependency section */
		843726F321E9582B008CE61F /* PBXTargetDependency */ = {
			isa = PBXTargetDependency;
			target = 843726DC21E9582A008CE61F /* ARtest */;
			targetProxy = 843726F221E9582B008CE61F /* PBXContainerItemProxy */;
		};
		843726FE21E9582B008CE61F /* PBXTargetDependency */ = {
			isa = PBXTargetDependency;
			target = 843726DC21E9582A008CE61F /* ARtest */;
			targetProxy = 843726FD21E9582B008CE61F /* PBXContainerItemProxy */;
		};
/* End PBXTargetDependency section */

/* Begin PBXVariantGroup section */
		843726E421E9582A008CE61F /* Main.storyboard */ = {
			isa = PBXVariantGroup;
			children = (
				843726E521E9582A008CE61F /* Base */,
			);
			name = Main.storyboard;
			sourceTree = "<group>";
		};
		843726E921E9582A008CE61F /* LaunchScreen.storyboard */ = {
			isa = PBXVariantGroup;
			children = (
				843726EA21E9582A008CE61F /* Base */,
			);
			name = LaunchScreen.storyboard;
			sourceTree = "<group>";
		};
/* End PBXVariantGroup section */

/* Begin XCBuildConfiguration section */
		8437270321E9582B008CE61F /* Debug */ = {
			isa = XCBuildConfiguration;
			buildSettings = {
				ALWAYS_SEARCH_USER_PATHS = NO;
				CLANG_ANALYZER_NONNULL = YES;
				CLANG_ANALYZER_NUMBER_OBJECT_CONVERSION = YES_AGGRESSIVE;
				CLANG_CXX_LANGUAGE_STANDARD = "gnu++14";
				CLANG_CXX_LIBRARY = "libc++";
				CLANG_ENABLE_MODULES = YES;
				CLANG_ENABLE_OBJC_ARC = YES;
				CLANG_ENABLE_OBJC_WEAK = YES;
				CLANG_WARN_BLOCK_CAPTURE_AUTORELEASING = YES;
				CLANG_WARN_BOOL_CONVERSION = YES;
				CLANG_WARN_COMMA = YES;
				CLANG_WARN_CONSTANT_CONVERSION = YES;
				CLANG_WARN_DEPRECATED_OBJC_IMPLEMENTATIONS = YES;
				CLANG_WARN_DIRECT_OBJC_ISA_USAGE = YES_ERROR;
				CLANG_WARN_DOCUMENTATION_COMMENTS = YES;
				CLANG_WARN_EMPTY_BODY = YES;
				CLANG_WARN_ENUM_CONVERSION = YES;
				CLANG_WARN_INFINITE_RECURSION = YES;
				CLANG_WARN_INT_CONVERSION = YES;
				CLANG_WARN_NON_LITERAL_NULL_CONVERSION = YES;
				CLANG_WARN_OBJC_IMPLICIT_RETAIN_SELF = YES;
				CLANG_WARN_OBJC_LITERAL_CONVERSION = YES;
				CLANG_WARN_OBJC_ROOT_CLASS = YES_ERROR;
				CLANG_WARN_RANGE_LOOP_ANALYSIS = YES;
				CLANG_WARN_STRICT_PROTOTYPES = YES;
				CLANG_WARN_SUSPICIOUS_MOVE = YES;
				CLANG_WARN_UNGUARDED_AVAILABILITY = YES_AGGRESSIVE;
				CLANG_WARN_UNREACHABLE_CODE = YES;
				CLANG_WARN__DUPLICATE_METHOD_MATCH = YES;
				CODE_SIGN_IDENTITY = "iPhone Developer";
				COPY_PHASE_STRIP = NO;
				DEBUG_INFORMATION_FORMAT = dwarf;
				ENABLE_STRICT_OBJC_MSGSEND = YES;
				ENABLE_TESTABILITY = YES;
				GCC_C_LANGUAGE_STANDARD = gnu11;
				GCC_DYNAMIC_NO_PIC = NO;
				GCC_NO_COMMON_BLOCKS = YES;
				GCC_OPTIMIZATION_LEVEL = 0;
				GCC_PREPROCESSOR_DEFINITIONS = (
					"DEBUG=1",
					"$(inherited)",
				);
				GCC_WARN_64_TO_32_BIT_CONVERSION = YES;
				GCC_WARN_ABOUT_RETURN_TYPE = YES_ERROR;
				GCC_WARN_UNDECLARED_SELECTOR = YES;
				GCC_WARN_UNINITIALIZED_AUTOS = YES_AGGRESSIVE;
				GCC_WARN_UNUSED_FUNCTION = YES;
				GCC_WARN_UNUSED_VARIABLE = YES;
				IPHONEOS_DEPLOYMENT_TARGET = 12.1;
				MTL_ENABLE_DEBUG_INFO = INCLUDE_SOURCE;
				MTL_FAST_MATH = YES;
				ONLY_ACTIVE_ARCH = YES;
				SDKROOT = iphoneos;
				SWIFT_ACTIVE_COMPILATION_CONDITIONS = DEBUG;
				SWIFT_OPTIMIZATION_LEVEL = "-Onone";
			};
			name = Debug;
		};
		8437270421E9582B008CE61F /* Release */ = {
			isa = XCBuildConfiguration;
			buildSettings = {
				ALWAYS_SEARCH_USER_PATHS = NO;
				CLANG_ANALYZER_NONNULL = YES;
				CLANG_ANALYZER_NUMBER_OBJECT_CONVERSION = YES_AGGRESSIVE;
				CLANG_CXX_LANGUAGE_STANDARD = "gnu++14";
				CLANG_CXX_LIBRARY = "libc++";
				CLANG_ENABLE_MODULES = YES;
				CLANG_ENABLE_OBJC_ARC = YES;
				CLANG_ENABLE_OBJC_WEAK = YES;
				CLANG_WARN_BLOCK_CAPTURE_AUTORELEASING = YES;
				CLANG_WARN_BOOL_CONVERSION = YES;
				CLANG_WARN_COMMA = YES;
				CLANG_WARN_CONSTANT_CONVERSION = YES;
				CLANG_WARN_DEPRECATED_OBJC_IMPLEMENTATIONS = YES;
				CLANG_WARN_DIRECT_OBJC_ISA_USAGE = YES_ERROR;
				CLANG_WARN_DOCUMENTATION_COMMENTS = YES;
				CLANG_WARN_EMPTY_BODY = YES;
				CLANG_WARN_ENUM_CONVERSION = YES;
				CLANG_WARN_INFINITE_RECURSION = YES;
				CLANG_WARN_INT_CONVERSION = YES;
				CLANG_WARN_NON_LITERAL_NULL_CONVERSION = YES;
				CLANG_WARN_OBJC_IMPLICIT_RETAIN_SELF = YES;
				CLANG_WARN_OBJC_LITERAL_CONVERSION = YES;
				CLANG_WARN_OBJC_ROOT_CLASS = YES_ERROR;
				CLANG_WARN_RANGE_LOOP_ANALYSIS = YES;
				CLANG_WARN_STRICT_PROTOTYPES = YES;
				CLANG_WARN_SUSPICIOUS_MOVE = YES;
				CLANG_WARN_UNGUARDED_AVAILABILITY = YES_AGGRESSIVE;
				CLANG_WARN_UNREACHABLE_CODE = YES;
				CLANG_WARN__DUPLICATE_METHOD_MATCH = YES;
				CODE_SIGN_IDENTITY = "iPhone Developer";
				COPY_PHASE_STRIP = NO;
				DEBUG_INFORMATION_FORMAT = "dwarf-with-dsym";
				ENABLE_NS_ASSERTIONS = NO;
				ENABLE_STRICT_OBJC_MSGSEND = YES;
				GCC_C_LANGUAGE_STANDARD = gnu11;
				GCC_NO_COMMON_BLOCKS = YES;
				GCC_WARN_64_TO_32_BIT_CONVERSION = YES;
				GCC_WARN_ABOUT_RETURN_TYPE = YES_ERROR;
				GCC_WARN_UNDECLARED_SELECTOR = YES;
				GCC_WARN_UNINITIALIZED_AUTOS = YES_AGGRESSIVE;
				GCC_WARN_UNUSED_FUNCTION = YES;
				GCC_WARN_UNUSED_VARIABLE = YES;
				IPHONEOS_DEPLOYMENT_TARGET = 12.1;
				MTL_ENABLE_DEBUG_INFO = NO;
				MTL_FAST_MATH = YES;
				SDKROOT = iphoneos;
				SWIFT_COMPILATION_MODE = wholemodule;
				SWIFT_OPTIMIZATION_LEVEL = "-O";
				VALIDATE_PRODUCT = YES;
			};
			name = Release;
		};
		8437270621E9582B008CE61F /* Debug */ = {
			isa = XCBuildConfiguration;
			buildSettings = {
				ASSETCATALOG_COMPILER_APPICON_NAME = AppIcon;
				CODE_SIGN_STYLE = Automatic;
				DEVELOPMENT_TEAM = YTDB2A6C75;
				INFOPLIST_FILE = ARtest/Info.plist;
				LD_RUNPATH_SEARCH_PATHS = (
					"$(inherited)",
					"@executable_path/Frameworks",
				);
				PRODUCT_BUNDLE_IDENTIFIER = HM.ARtest;
				PRODUCT_NAME = "$(TARGET_NAME)";
				SWIFT_VERSION = 4.2;
				TARGETED_DEVICE_FAMILY = "1,2";
			};
			name = Debug;
		};
		8437270721E9582B008CE61F /* Release */ = {
			isa = XCBuildConfiguration;
			buildSettings = {
				ASSETCATALOG_COMPILER_APPICON_NAME = AppIcon;
				CODE_SIGN_STYLE = Automatic;
				DEVELOPMENT_TEAM = YTDB2A6C75;
				INFOPLIST_FILE = ARtest/Info.plist;
				LD_RUNPATH_SEARCH_PATHS = (
					"$(inherited)",
					"@executable_path/Frameworks",
				);
				PRODUCT_BUNDLE_IDENTIFIER = HM.ARtest;
				PRODUCT_NAME = "$(TARGET_NAME)";
				SWIFT_VERSION = 4.2;
				TARGETED_DEVICE_FAMILY = "1,2";
			};
			name = Release;
		};
		8437270921E9582B008CE61F /* Debug */ = {
			isa = XCBuildConfiguration;
			buildSettings = {
				ALWAYS_EMBED_SWIFT_STANDARD_LIBRARIES = YES;
				BUNDLE_LOADER = "$(TEST_HOST)";
				CODE_SIGN_STYLE = Automatic;
				DEVELOPMENT_TEAM = YTDB2A6C75;
				INFOPLIST_FILE = ARtestTests/Info.plist;
				LD_RUNPATH_SEARCH_PATHS = (
					"$(inherited)",
					"@executable_path/Frameworks",
					"@loader_path/Frameworks",
				);
				PRODUCT_BUNDLE_IDENTIFIER = HM.ARtestTests;
				PRODUCT_NAME = "$(TARGET_NAME)";
				SWIFT_VERSION = 4.2;
				TARGETED_DEVICE_FAMILY = "1,2";
				TEST_HOST = "$(BUILT_PRODUCTS_DIR)/ARtest.app/ARtest";
			};
			name = Debug;
		};
		8437270A21E9582B008CE61F /* Release */ = {
			isa = XCBuildConfiguration;
			buildSettings = {
				ALWAYS_EMBED_SWIFT_STANDARD_LIBRARIES = YES;
				BUNDLE_LOADER = "$(TEST_HOST)";
				CODE_SIGN_STYLE = Automatic;
				DEVELOPMENT_TEAM = YTDB2A6C75;
				INFOPLIST_FILE = ARtestTests/Info.plist;
				LD_RUNPATH_SEARCH_PATHS = (
					"$(inherited)",
					"@executable_path/Frameworks",
					"@loader_path/Frameworks",
				);
				PRODUCT_BUNDLE_IDENTIFIER = HM.ARtestTests;
				PRODUCT_NAME = "$(TARGET_NAME)";
				SWIFT_VERSION = 4.2;
				TARGETED_DEVICE_FAMILY = "1,2";
				TEST_HOST = "$(BUILT_PRODUCTS_DIR)/ARtest.app/ARtest";
			};
			name = Release;
		};
		8437270C21E9582B008CE61F /* Debug */ = {
			isa = XCBuildConfiguration;
			buildSettings = {
				ALWAYS_EMBED_SWIFT_STANDARD_LIBRARIES = YES;
				CODE_SIGN_STYLE = Automatic;
				DEVELOPMENT_TEAM = YTDB2A6C75;
				INFOPLIST_FILE = ARtestUITests/Info.plist;
				LD_RUNPATH_SEARCH_PATHS = (
					"$(inherited)",
					"@executable_path/Frameworks",
					"@loader_path/Frameworks",
				);
				PRODUCT_BUNDLE_IDENTIFIER = HM.ARtestUITests;
				PRODUCT_NAME = "$(TARGET_NAME)";
				SWIFT_VERSION = 4.2;
				TARGETED_DEVICE_FAMILY = "1,2";
				TEST_TARGET_NAME = ARtest;
			};
			name = Debug;
		};
		8437270D21E9582B008CE61F /* Release */ = {
			isa = XCBuildConfiguration;
			buildSettings = {
				ALWAYS_EMBED_SWIFT_STANDARD_LIBRARIES = YES;
				CODE_SIGN_STYLE = Automatic;
				DEVELOPMENT_TEAM = YTDB2A6C75;
				INFOPLIST_FILE = ARtestUITests/Info.plist;
				LD_RUNPATH_SEARCH_PATHS = (
					"$(inherited)",
					"@executable_path/Frameworks",
					"@loader_path/Frameworks",
				);
				PRODUCT_BUNDLE_IDENTIFIER = HM.ARtestUITests;
				PRODUCT_NAME = "$(TARGET_NAME)";
				SWIFT_VERSION = 4.2;
				TARGETED_DEVICE_FAMILY = "1,2";
				TEST_TARGET_NAME = ARtest;
			};
			name = Release;
		};
/* End XCBuildConfiguration section */

/* Begin XCConfigurationList section */
		843726D821E9582A008CE61F /* Build configuration list for PBXProject "ARtest" */ = {
			isa = XCConfigurationList;
			buildConfigurations = (
				8437270321E9582B008CE61F /* Debug */,
				8437270421E9582B008CE61F /* Release */,
			);
			defaultConfigurationIsVisible = 0;
			defaultConfigurationName = Release;
		};
		8437270521E9582B008CE61F /* Build configuration list for PBXNativeTarget "ARtest" */ = {
			isa = XCConfigurationList;
			buildConfigurations = (
				8437270621E9582B008CE61F /* Debug */,
				8437270721E9582B008CE61F /* Release */,
			);
			defaultConfigurationIsVisible = 0;
			defaultConfigurationName = Release;
		};
		8437270821E9582B008CE61F /* Build configuration list for PBXNativeTarget "ARtestTests" */ = {
			isa = XCConfigurationList;
			buildConfigurations = (
				8437270921E9582B008CE61F /* Debug */,
				8437270A21E9582B008CE61F /* Release */,
			);
			defaultConfigurationIsVisible = 0;
			defaultConfigurationName = Release;
		};
		8437270B21E9582B008CE61F /* Build configuration list for PBXNativeTarget "ARtestUITests" */ = {
			isa = XCConfigurationList;
			buildConfigurations = (
				8437270C21E9582B008CE61F /* Debug */,
				8437270D21E9582B008CE61F /* Release */,
			);
			defaultConfigurationIsVisible = 0;
			defaultConfigurationName = Release;
		};
/* End XCConfigurationList section */
	};
	rootObject = 843726D521E9582A008CE61F /* Project object */;
}
