// !$*UTF8*$!
{
	archiveVersion = 1;
	classes = {
	};
	objectVersion = 50;
	objects = {

/* Begin PBXBuildFile section */
		8461608021EA2E6D00F14BBD /* AppDelegate.swift in Sources */ = {isa = PBXBuildFile; fileRef = 8461607F21EA2E6D00F14BBD /* AppDelegate.swift */; };
		8461608221EA2E6D00F14BBD /* art.scnassets in Resources */ = {isa = PBXBuildFile; fileRef = 8461608121EA2E6D00F14BBD /* art.scnassets */; };
		8461608421EA2E6D00F14BBD /* ViewController.swift in Sources */ = {isa = PBXBuildFile; fileRef = 8461608321EA2E6D00F14BBD /* ViewController.swift */; };
		8461608721EA2E6D00F14BBD /* Main.storyboard in Resources */ = {isa = PBXBuildFile; fileRef = 8461608521EA2E6D00F14BBD /* Main.storyboard */; };
		8461608921EA2E6D00F14BBD /* Assets.xcassets in Resources */ = {isa = PBXBuildFile; fileRef = 8461608821EA2E6D00F14BBD /* Assets.xcassets */; };
		8461608C21EA2E6D00F14BBD /* LaunchScreen.storyboard in Resources */ = {isa = PBXBuildFile; fileRef = 8461608A21EA2E6D00F14BBD /* LaunchScreen.storyboard */; };
		8461609721EA2E6D00F14BBD /* rileyjo8TestTests.swift in Sources */ = {isa = PBXBuildFile; fileRef = 8461609621EA2E6D00F14BBD /* rileyjo8TestTests.swift */; };
		846160A221EA2E6D00F14BBD /* rileyjo8TestUITests.swift in Sources */ = {isa = PBXBuildFile; fileRef = 846160A121EA2E6D00F14BBD /* rileyjo8TestUITests.swift */; };
/* End PBXBuildFile section */

/* Begin PBXContainerItemProxy section */
		8461609321EA2E6D00F14BBD /* PBXContainerItemProxy */ = {
			isa = PBXContainerItemProxy;
			containerPortal = 8461607421EA2E6D00F14BBD /* Project object */;
			proxyType = 1;
			remoteGlobalIDString = 8461607B21EA2E6D00F14BBD;
			remoteInfo = rileyjo8Test;
		};
		8461609E21EA2E6D00F14BBD /* PBXContainerItemProxy */ = {
			isa = PBXContainerItemProxy;
			containerPortal = 8461607421EA2E6D00F14BBD /* Project object */;
			proxyType = 1;
			remoteGlobalIDString = 8461607B21EA2E6D00F14BBD;
			remoteInfo = rileyjo8Test;
		};
/* End PBXContainerItemProxy section */

/* Begin PBXFileReference section */
		8461607C21EA2E6D00F14BBD /* rileyjo8Test.app */ = {isa = PBXFileReference; explicitFileType = wrapper.application; includeInIndex = 0; path = rileyjo8Test.app; sourceTree = BUILT_PRODUCTS_DIR; };
		8461607F21EA2E6D00F14BBD /* AppDelegate.swift */ = {isa = PBXFileReference; lastKnownFileType = sourcecode.swift; path = AppDelegate.swift; sourceTree = "<group>"; };
		8461608121EA2E6D00F14BBD /* art.scnassets */ = {isa = PBXFileReference; lastKnownFileType = wrapper.scnassets; path = art.scnassets; sourceTree = "<group>"; };
		8461608321EA2E6D00F14BBD /* ViewController.swift */ = {isa = PBXFileReference; lastKnownFileType = sourcecode.swift; path = ViewController.swift; sourceTree = "<group>"; };
		8461608621EA2E6D00F14BBD /* Base */ = {isa = PBXFileReference; lastKnownFileType = file.storyboard; name = Base; path = Base.lproj/Main.storyboard; sourceTree = "<group>"; };
		8461608821EA2E6D00F14BBD /* Assets.xcassets */ = {isa = PBXFileReference; lastKnownFileType = folder.assetcatalog; path = Assets.xcassets; sourceTree = "<group>"; };
		8461608B21EA2E6D00F14BBD /* Base */ = {isa = PBXFileReference; lastKnownFileType = file.storyboard; name = Base; path = Base.lproj/LaunchScreen.storyboard; sourceTree = "<group>"; };
		8461608D21EA2E6D00F14BBD /* Info.plist */ = {isa = PBXFileReference; lastKnownFileType = text.plist.xml; path = Info.plist; sourceTree = "<group>"; };
		8461609221EA2E6D00F14BBD /* rileyjo8TestTests.xctest */ = {isa = PBXFileReference; explicitFileType = wrapper.cfbundle; includeInIndex = 0; path = rileyjo8TestTests.xctest; sourceTree = BUILT_PRODUCTS_DIR; };
		8461609621EA2E6D00F14BBD /* rileyjo8TestTests.swift */ = {isa = PBXFileReference; lastKnownFileType = sourcecode.swift; path = rileyjo8TestTests.swift; sourceTree = "<group>"; };
		8461609821EA2E6D00F14BBD /* Info.plist */ = {isa = PBXFileReference; lastKnownFileType = text.plist.xml; path = Info.plist; sourceTree = "<group>"; };
		8461609D21EA2E6D00F14BBD /* rileyjo8TestUITests.xctest */ = {isa = PBXFileReference; explicitFileType = wrapper.cfbundle; includeInIndex = 0; path = rileyjo8TestUITests.xctest; sourceTree = BUILT_PRODUCTS_DIR; };
		846160A121EA2E6D00F14BBD /* rileyjo8TestUITests.swift */ = {isa = PBXFileReference; lastKnownFileType = sourcecode.swift; path = rileyjo8TestUITests.swift; sourceTree = "<group>"; };
		846160A321EA2E6D00F14BBD /* Info.plist */ = {isa = PBXFileReference; lastKnownFileType = text.plist.xml; path = Info.plist; sourceTree = "<group>"; };
/* End PBXFileReference section */

/* Begin PBXFrameworksBuildPhase section */
		8461607921EA2E6D00F14BBD /* Frameworks */ = {
			isa = PBXFrameworksBuildPhase;
			buildActionMask = 2147483647;
			files = (
			);
			runOnlyForDeploymentPostprocessing = 0;
		};
		8461608F21EA2E6D00F14BBD /* Frameworks */ = {
			isa = PBXFrameworksBuildPhase;
			buildActionMask = 2147483647;
			files = (
			);
			runOnlyForDeploymentPostprocessing = 0;
		};
		8461609A21EA2E6D00F14BBD /* Frameworks */ = {
			isa = PBXFrameworksBuildPhase;
			buildActionMask = 2147483647;
			files = (
			);
			runOnlyForDeploymentPostprocessing = 0;
		};
/* End PBXFrameworksBuildPhase section */

/* Begin PBXGroup section */
		8461607321EA2E6D00F14BBD = {
			isa = PBXGroup;
			children = (
				8461607E21EA2E6D00F14BBD /* rileyjo8Test */,
				8461609521EA2E6D00F14BBD /* rileyjo8TestTests */,
				846160A021EA2E6D00F14BBD /* rileyjo8TestUITests */,
				8461607D21EA2E6D00F14BBD /* Products */,
			);
			sourceTree = "<group>";
		};
		8461607D21EA2E6D00F14BBD /* Products */ = {
			isa = PBXGroup;
			children = (
				8461607C21EA2E6D00F14BBD /* rileyjo8Test.app */,
				8461609221EA2E6D00F14BBD /* rileyjo8TestTests.xctest */,
				8461609D21EA2E6D00F14BBD /* rileyjo8TestUITests.xctest */,
			);
			name = Products;
			sourceTree = "<group>";
		};
		8461607E21EA2E6D00F14BBD /* rileyjo8Test */ = {
			isa = PBXGroup;
			children = (
				8461607F21EA2E6D00F14BBD /* AppDelegate.swift */,
				8461608121EA2E6D00F14BBD /* art.scnassets */,
				8461608321EA2E6D00F14BBD /* ViewController.swift */,
				8461608521EA2E6D00F14BBD /* Main.storyboard */,
				8461608821EA2E6D00F14BBD /* Assets.xcassets */,
				8461608A21EA2E6D00F14BBD /* LaunchScreen.storyboard */,
				8461608D21EA2E6D00F14BBD /* Info.plist */,
			);
			path = rileyjo8Test;
			sourceTree = "<group>";
		};
		8461609521EA2E6D00F14BBD /* rileyjo8TestTests */ = {
			isa = PBXGroup;
			children = (
				8461609621EA2E6D00F14BBD /* rileyjo8TestTests.swift */,
				8461609821EA2E6D00F14BBD /* Info.plist */,
			);
			path = rileyjo8TestTests;
			sourceTree = "<group>";
		};
		846160A021EA2E6D00F14BBD /* rileyjo8TestUITests */ = {
			isa = PBXGroup;
			children = (
				846160A121EA2E6D00F14BBD /* rileyjo8TestUITests.swift */,
				846160A321EA2E6D00F14BBD /* Info.plist */,
			);
			path = rileyjo8TestUITests;
			sourceTree = "<group>";
		};
/* End PBXGroup section */

/* Begin PBXNativeTarget section */
		8461607B21EA2E6D00F14BBD /* rileyjo8Test */ = {
			isa = PBXNativeTarget;
			buildConfigurationList = 846160A621EA2E6D00F14BBD /* Build configuration list for PBXNativeTarget "rileyjo8Test" */;
			buildPhases = (
				8461607821EA2E6D00F14BBD /* Sources */,
				8461607921EA2E6D00F14BBD /* Frameworks */,
				8461607A21EA2E6D00F14BBD /* Resources */,
			);
			buildRules = (
			);
			dependencies = (
			);
			name = rileyjo8Test;
			productName = rileyjo8Test;
			productReference = 8461607C21EA2E6D00F14BBD /* rileyjo8Test.app */;
			productType = "com.apple.product-type.application";
		};
		8461609121EA2E6D00F14BBD /* rileyjo8TestTests */ = {
			isa = PBXNativeTarget;
			buildConfigurationList = 846160A921EA2E6D00F14BBD /* Build configuration list for PBXNativeTarget "rileyjo8TestTests" */;
			buildPhases = (
				8461608E21EA2E6D00F14BBD /* Sources */,
				8461608F21EA2E6D00F14BBD /* Frameworks */,
				8461609021EA2E6D00F14BBD /* Resources */,
			);
			buildRules = (
			);
			dependencies = (
				8461609421EA2E6D00F14BBD /* PBXTargetDependency */,
			);
			name = rileyjo8TestTests;
			productName = rileyjo8TestTests;
			productReference = 8461609221EA2E6D00F14BBD /* rileyjo8TestTests.xctest */;
			productType = "com.apple.product-type.bundle.unit-test";
		};
		8461609C21EA2E6D00F14BBD /* rileyjo8TestUITests */ = {
			isa = PBXNativeTarget;
			buildConfigurationList = 846160AC21EA2E6D00F14BBD /* Build configuration list for PBXNativeTarget "rileyjo8TestUITests" */;
			buildPhases = (
				8461609921EA2E6D00F14BBD /* Sources */,
				8461609A21EA2E6D00F14BBD /* Frameworks */,
				8461609B21EA2E6D00F14BBD /* Resources */,
			);
			buildRules = (
			);
			dependencies = (
				8461609F21EA2E6D00F14BBD /* PBXTargetDependency */,
			);
			name = rileyjo8TestUITests;
			productName = rileyjo8TestUITests;
			productReference = 8461609D21EA2E6D00F14BBD /* rileyjo8TestUITests.xctest */;
			productType = "com.apple.product-type.bundle.ui-testing";
		};
/* End PBXNativeTarget section */

/* Begin PBXProject section */
		8461607421EA2E6D00F14BBD /* Project object */ = {
			isa = PBXProject;
			attributes = {
				LastSwiftUpdateCheck = 1010;
				LastUpgradeCheck = 1010;
				ORGANIZATIONNAME = "Team Herman Miller";
				TargetAttributes = {
					8461607B21EA2E6D00F14BBD = {
						CreatedOnToolsVersion = 10.1;
					};
					8461609121EA2E6D00F14BBD = {
						CreatedOnToolsVersion = 10.1;
						TestTargetID = 8461607B21EA2E6D00F14BBD;
					};
					8461609C21EA2E6D00F14BBD = {
						CreatedOnToolsVersion = 10.1;
						TestTargetID = 8461607B21EA2E6D00F14BBD;
					};
				};
			};
			buildConfigurationList = 8461607721EA2E6D00F14BBD /* Build configuration list for PBXProject "rileyjo8Test" */;
			compatibilityVersion = "Xcode 9.3";
			developmentRegion = en;
			hasScannedForEncodings = 0;
			knownRegions = (
				en,
				Base,
			);
			mainGroup = 8461607321EA2E6D00F14BBD;
			productRefGroup = 8461607D21EA2E6D00F14BBD /* Products */;
			projectDirPath = "";
			projectRoot = "";
			targets = (
				8461607B21EA2E6D00F14BBD /* rileyjo8Test */,
				8461609121EA2E6D00F14BBD /* rileyjo8TestTests */,
				8461609C21EA2E6D00F14BBD /* rileyjo8TestUITests */,
			);
		};
/* End PBXProject section */

/* Begin PBXResourcesBuildPhase section */
		8461607A21EA2E6D00F14BBD /* Resources */ = {
			isa = PBXResourcesBuildPhase;
			buildActionMask = 2147483647;
			files = (
				8461608221EA2E6D00F14BBD /* art.scnassets in Resources */,
				8461608C21EA2E6D00F14BBD /* LaunchScreen.storyboard in Resources */,
				8461608921EA2E6D00F14BBD /* Assets.xcassets in Resources */,
				8461608721EA2E6D00F14BBD /* Main.storyboard in Resources */,
			);
			runOnlyForDeploymentPostprocessing = 0;
		};
		8461609021EA2E6D00F14BBD /* Resources */ = {
			isa = PBXResourcesBuildPhase;
			buildActionMask = 2147483647;
			files = (
			);
			runOnlyForDeploymentPostprocessing = 0;
		};
		8461609B21EA2E6D00F14BBD /* Resources */ = {
			isa = PBXResourcesBuildPhase;
			buildActionMask = 2147483647;
			files = (
			);
			runOnlyForDeploymentPostprocessing = 0;
		};
/* End PBXResourcesBuildPhase section */

/* Begin PBXSourcesBuildPhase section */
		8461607821EA2E6D00F14BBD /* Sources */ = {
			isa = PBXSourcesBuildPhase;
			buildActionMask = 2147483647;
			files = (
				8461608421EA2E6D00F14BBD /* ViewController.swift in Sources */,
				8461608021EA2E6D00F14BBD /* AppDelegate.swift in Sources */,
			);
			runOnlyForDeploymentPostprocessing = 0;
		};
		8461608E21EA2E6D00F14BBD /* Sources */ = {
			isa = PBXSourcesBuildPhase;
			buildActionMask = 2147483647;
			files = (
				8461609721EA2E6D00F14BBD /* rileyjo8TestTests.swift in Sources */,
			);
			runOnlyForDeploymentPostprocessing = 0;
		};
		8461609921EA2E6D00F14BBD /* Sources */ = {
			isa = PBXSourcesBuildPhase;
			buildActionMask = 2147483647;
			files = (
				846160A221EA2E6D00F14BBD /* rileyjo8TestUITests.swift in Sources */,
			);
			runOnlyForDeploymentPostprocessing = 0;
		};
/* End PBXSourcesBuildPhase section */

/* Begin PBXTargetDependency section */
		8461609421EA2E6D00F14BBD /* PBXTargetDependency */ = {
			isa = PBXTargetDependency;
			target = 8461607B21EA2E6D00F14BBD /* rileyjo8Test */;
			targetProxy = 8461609321EA2E6D00F14BBD /* PBXContainerItemProxy */;
		};
		8461609F21EA2E6D00F14BBD /* PBXTargetDependency */ = {
			isa = PBXTargetDependency;
			target = 8461607B21EA2E6D00F14BBD /* rileyjo8Test */;
			targetProxy = 8461609E21EA2E6D00F14BBD /* PBXContainerItemProxy */;
		};
/* End PBXTargetDependency section */

/* Begin PBXVariantGroup section */
		8461608521EA2E6D00F14BBD /* Main.storyboard */ = {
			isa = PBXVariantGroup;
			children = (
				8461608621EA2E6D00F14BBD /* Base */,
			);
			name = Main.storyboard;
			sourceTree = "<group>";
		};
		8461608A21EA2E6D00F14BBD /* LaunchScreen.storyboard */ = {
			isa = PBXVariantGroup;
			children = (
				8461608B21EA2E6D00F14BBD /* Base */,
			);
			name = LaunchScreen.storyboard;
			sourceTree = "<group>";
		};
/* End PBXVariantGroup section */

/* Begin XCBuildConfiguration section */
		846160A421EA2E6D00F14BBD /* Debug */ = {
			isa = XCBuildConfiguration;
			buildSettings = {
				ALWAYS_SEARCH_USER_PATHS = NO;
				CLANG_ANALYZER_NONNULL = YES;
				CLANG_ANALYZER_NUMBER_OBJECT_CONVERSION = YES_AGGRESSIVE;
				CLANG_CXX_LANGUAGE_STANDARD = "gnu++14";
				CLANG_CXX_LIBRARY = "libc++";
				CLANG_ENABLE_MODULES = YES;
				CLANG_ENABLE_OBJC_ARC = YES;
				CLANG_ENABLE_OBJC_WEAK = YES;
				CLANG_WARN_BLOCK_CAPTURE_AUTORELEASING = YES;
				CLANG_WARN_BOOL_CONVERSION = YES;
				CLANG_WARN_COMMA = YES;
				CLANG_WARN_CONSTANT_CONVERSION = YES;
				CLANG_WARN_DEPRECATED_OBJC_IMPLEMENTATIONS = YES;
				CLANG_WARN_DIRECT_OBJC_ISA_USAGE = YES_ERROR;
				CLANG_WARN_DOCUMENTATION_COMMENTS = YES;
				CLANG_WARN_EMPTY_BODY = YES;
				CLANG_WARN_ENUM_CONVERSION = YES;
				CLANG_WARN_INFINITE_RECURSION = YES;
				CLANG_WARN_INT_CONVERSION = YES;
				CLANG_WARN_NON_LITERAL_NULL_CONVERSION = YES;
				CLANG_WARN_OBJC_IMPLICIT_RETAIN_SELF = YES;
				CLANG_WARN_OBJC_LITERAL_CONVERSION = YES;
				CLANG_WARN_OBJC_ROOT_CLASS = YES_ERROR;
				CLANG_WARN_RANGE_LOOP_ANALYSIS = YES;
				CLANG_WARN_STRICT_PROTOTYPES = YES;
				CLANG_WARN_SUSPICIOUS_MOVE = YES;
				CLANG_WARN_UNGUARDED_AVAILABILITY = YES_AGGRESSIVE;
				CLANG_WARN_UNREACHABLE_CODE = YES;
				CLANG_WARN__DUPLICATE_METHOD_MATCH = YES;
				CODE_SIGN_IDENTITY = "iPhone Developer";
				COPY_PHASE_STRIP = NO;
				DEBUG_INFORMATION_FORMAT = dwarf;
				ENABLE_STRICT_OBJC_MSGSEND = YES;
				ENABLE_TESTABILITY = YES;
				GCC_C_LANGUAGE_STANDARD = gnu11;
				GCC_DYNAMIC_NO_PIC = NO;
				GCC_NO_COMMON_BLOCKS = YES;
				GCC_OPTIMIZATION_LEVEL = 0;
				GCC_PREPROCESSOR_DEFINITIONS = (
					"DEBUG=1",
					"$(inherited)",
				);
				GCC_WARN_64_TO_32_BIT_CONVERSION = YES;
				GCC_WARN_ABOUT_RETURN_TYPE = YES_ERROR;
				GCC_WARN_UNDECLARED_SELECTOR = YES;
				GCC_WARN_UNINITIALIZED_AUTOS = YES_AGGRESSIVE;
				GCC_WARN_UNUSED_FUNCTION = YES;
				GCC_WARN_UNUSED_VARIABLE = YES;
				IPHONEOS_DEPLOYMENT_TARGET = 12.1;
				MTL_ENABLE_DEBUG_INFO = INCLUDE_SOURCE;
				MTL_FAST_MATH = YES;
				ONLY_ACTIVE_ARCH = YES;
				SDKROOT = iphoneos;
				SWIFT_ACTIVE_COMPILATION_CONDITIONS = DEBUG;
				SWIFT_OPTIMIZATION_LEVEL = "-Onone";
			};
			name = Debug;
		};
		846160A521EA2E6D00F14BBD /* Release */ = {
			isa = XCBuildConfiguration;
			buildSettings = {
				ALWAYS_SEARCH_USER_PATHS = NO;
				CLANG_ANALYZER_NONNULL = YES;
				CLANG_ANALYZER_NUMBER_OBJECT_CONVERSION = YES_AGGRESSIVE;
				CLANG_CXX_LANGUAGE_STANDARD = "gnu++14";
				CLANG_CXX_LIBRARY = "libc++";
				CLANG_ENABLE_MODULES = YES;
				CLANG_ENABLE_OBJC_ARC = YES;
				CLANG_ENABLE_OBJC_WEAK = YES;
				CLANG_WARN_BLOCK_CAPTURE_AUTORELEASING = YES;
				CLANG_WARN_BOOL_CONVERSION = YES;
				CLANG_WARN_COMMA = YES;
				CLANG_WARN_CONSTANT_CONVERSION = YES;
				CLANG_WARN_DEPRECATED_OBJC_IMPLEMENTATIONS = YES;
				CLANG_WARN_DIRECT_OBJC_ISA_USAGE = YES_ERROR;
				CLANG_WARN_DOCUMENTATION_COMMENTS = YES;
				CLANG_WARN_EMPTY_BODY = YES;
				CLANG_WARN_ENUM_CONVERSION = YES;
				CLANG_WARN_INFINITE_RECURSION = YES;
				CLANG_WARN_INT_CONVERSION = YES;
				CLANG_WARN_NON_LITERAL_NULL_CONVERSION = YES;
				CLANG_WARN_OBJC_IMPLICIT_RETAIN_SELF = YES;
				CLANG_WARN_OBJC_LITERAL_CONVERSION = YES;
				CLANG_WARN_OBJC_ROOT_CLASS = YES_ERROR;
				CLANG_WARN_RANGE_LOOP_ANALYSIS = YES;
				CLANG_WARN_STRICT_PROTOTYPES = YES;
				CLANG_WARN_SUSPICIOUS_MOVE = YES;
				CLANG_WARN_UNGUARDED_AVAILABILITY = YES_AGGRESSIVE;
				CLANG_WARN_UNREACHABLE_CODE = YES;
				CLANG_WARN__DUPLICATE_METHOD_MATCH = YES;
				CODE_SIGN_IDENTITY = "iPhone Developer";
				COPY_PHASE_STRIP = NO;
				DEBUG_INFORMATION_FORMAT = "dwarf-with-dsym";
				ENABLE_NS_ASSERTIONS = NO;
				ENABLE_STRICT_OBJC_MSGSEND = YES;
				GCC_C_LANGUAGE_STANDARD = gnu11;
				GCC_NO_COMMON_BLOCKS = YES;
				GCC_WARN_64_TO_32_BIT_CONVERSION = YES;
				GCC_WARN_ABOUT_RETURN_TYPE = YES_ERROR;
				GCC_WARN_UNDECLARED_SELECTOR = YES;
				GCC_WARN_UNINITIALIZED_AUTOS = YES_AGGRESSIVE;
				GCC_WARN_UNUSED_FUNCTION = YES;
				GCC_WARN_UNUSED_VARIABLE = YES;
				IPHONEOS_DEPLOYMENT_TARGET = 12.1;
				MTL_ENABLE_DEBUG_INFO = NO;
				MTL_FAST_MATH = YES;
				SDKROOT = iphoneos;
				SWIFT_COMPILATION_MODE = wholemodule;
				SWIFT_OPTIMIZATION_LEVEL = "-O";
				VALIDATE_PRODUCT = YES;
			};
			name = Release;
		};
		846160A721EA2E6D00F14BBD /* Debug */ = {
			isa = XCBuildConfiguration;
			buildSettings = {
				ASSETCATALOG_COMPILER_APPICON_NAME = AppIcon;
				CODE_SIGN_STYLE = Automatic;
				DEVELOPMENT_TEAM = RT685L42GW;
				INFOPLIST_FILE = rileyjo8Test/Info.plist;
				LD_RUNPATH_SEARCH_PATHS = (
					"$(inherited)",
					"@executable_path/Frameworks",
				);
				PRODUCT_BUNDLE_IDENTIFIER = HM.rileyjo8Test.2;
				PRODUCT_NAME = "$(TARGET_NAME)";
				SWIFT_VERSION = 4.2;
				TARGETED_DEVICE_FAMILY = "1,2";
			};
			name = Debug;
		};
		846160A821EA2E6D00F14BBD /* Release */ = {
			isa = XCBuildConfiguration;
			buildSettings = {
				ASSETCATALOG_COMPILER_APPICON_NAME = AppIcon;
				CODE_SIGN_STYLE = Automatic;
				DEVELOPMENT_TEAM = RT685L42GW;
				INFOPLIST_FILE = rileyjo8Test/Info.plist;
				LD_RUNPATH_SEARCH_PATHS = (
					"$(inherited)",
					"@executable_path/Frameworks",
				);
				PRODUCT_BUNDLE_IDENTIFIER = HM.rileyjo8Test.2;
				PRODUCT_NAME = "$(TARGET_NAME)";
				SWIFT_VERSION = 4.2;
				TARGETED_DEVICE_FAMILY = "1,2";
			};
			name = Release;
		};
		846160AA21EA2E6D00F14BBD /* Debug */ = {
			isa = XCBuildConfiguration;
			buildSettings = {
				ALWAYS_EMBED_SWIFT_STANDARD_LIBRARIES = YES;
				BUNDLE_LOADER = "$(TEST_HOST)";
				CODE_SIGN_STYLE = Automatic;
				INFOPLIST_FILE = rileyjo8TestTests/Info.plist;
				LD_RUNPATH_SEARCH_PATHS = (
					"$(inherited)",
					"@executable_path/Frameworks",
					"@loader_path/Frameworks",
				);
				PRODUCT_BUNDLE_IDENTIFIER = HM.rileyjo8TestTests;
				PRODUCT_NAME = "$(TARGET_NAME)";
				SWIFT_VERSION = 4.2;
				TARGETED_DEVICE_FAMILY = "1,2";
				TEST_HOST = "$(BUILT_PRODUCTS_DIR)/rileyjo8Test.app/rileyjo8Test";
			};
			name = Debug;
		};
		846160AB21EA2E6D00F14BBD /* Release */ = {
			isa = XCBuildConfiguration;
			buildSettings = {
				ALWAYS_EMBED_SWIFT_STANDARD_LIBRARIES = YES;
				BUNDLE_LOADER = "$(TEST_HOST)";
				CODE_SIGN_STYLE = Automatic;
				INFOPLIST_FILE = rileyjo8TestTests/Info.plist;
				LD_RUNPATH_SEARCH_PATHS = (
					"$(inherited)",
					"@executable_path/Frameworks",
					"@loader_path/Frameworks",
				);
				PRODUCT_BUNDLE_IDENTIFIER = HM.rileyjo8TestTests;
				PRODUCT_NAME = "$(TARGET_NAME)";
				SWIFT_VERSION = 4.2;
				TARGETED_DEVICE_FAMILY = "1,2";
				TEST_HOST = "$(BUILT_PRODUCTS_DIR)/rileyjo8Test.app/rileyjo8Test";
			};
			name = Release;
		};
		846160AD21EA2E6D00F14BBD /* Debug */ = {
			isa = XCBuildConfiguration;
			buildSettings = {
				ALWAYS_EMBED_SWIFT_STANDARD_LIBRARIES = YES;
				CODE_SIGN_STYLE = Automatic;
				INFOPLIST_FILE = rileyjo8TestUITests/Info.plist;
				LD_RUNPATH_SEARCH_PATHS = (
					"$(inherited)",
					"@executable_path/Frameworks",
					"@loader_path/Frameworks",
				);
				PRODUCT_BUNDLE_IDENTIFIER = HM.rileyjo8TestUITests;
				PRODUCT_NAME = "$(TARGET_NAME)";
				SWIFT_VERSION = 4.2;
				TARGETED_DEVICE_FAMILY = "1,2";
				TEST_TARGET_NAME = rileyjo8Test;
			};
			name = Debug;
		};
		846160AE21EA2E6D00F14BBD /* Release */ = {
			isa = XCBuildConfiguration;
			buildSettings = {
				ALWAYS_EMBED_SWIFT_STANDARD_LIBRARIES = YES;
				CODE_SIGN_STYLE = Automatic;
				INFOPLIST_FILE = rileyjo8TestUITests/Info.plist;
				LD_RUNPATH_SEARCH_PATHS = (
					"$(inherited)",
					"@executable_path/Frameworks",
					"@loader_path/Frameworks",
				);
				PRODUCT_BUNDLE_IDENTIFIER = HM.rileyjo8TestUITests;
				PRODUCT_NAME = "$(TARGET_NAME)";
				SWIFT_VERSION = 4.2;
				TARGETED_DEVICE_FAMILY = "1,2";
				TEST_TARGET_NAME = rileyjo8Test;
			};
			name = Release;
		};
/* End XCBuildConfiguration section */

/* Begin XCConfigurationList section */
		8461607721EA2E6D00F14BBD /* Build configuration list for PBXProject "rileyjo8Test" */ = {
			isa = XCConfigurationList;
			buildConfigurations = (
				846160A421EA2E6D00F14BBD /* Debug */,
				846160A521EA2E6D00F14BBD /* Release */,
			);
			defaultConfigurationIsVisible = 0;
			defaultConfigurationName = Release;
		};
		846160A621EA2E6D00F14BBD /* Build configuration list for PBXNativeTarget "rileyjo8Test" */ = {
			isa = XCConfigurationList;
			buildConfigurations = (
				846160A721EA2E6D00F14BBD /* Debug */,
				846160A821EA2E6D00F14BBD /* Release */,
			);
			defaultConfigurationIsVisible = 0;
			defaultConfigurationName = Release;
		};
		846160A921EA2E6D00F14BBD /* Build configuration list for PBXNativeTarget "rileyjo8TestTests" */ = {
			isa = XCConfigurationList;
			buildConfigurations = (
				846160AA21EA2E6D00F14BBD /* Debug */,
				846160AB21EA2E6D00F14BBD /* Release */,
			);
			defaultConfigurationIsVisible = 0;
			defaultConfigurationName = Release;
		};
		846160AC21EA2E6D00F14BBD /* Build configuration list for PBXNativeTarget "rileyjo8TestUITests" */ = {
			isa = XCConfigurationList;
			buildConfigurations = (
				846160AD21EA2E6D00F14BBD /* Debug */,
				846160AE21EA2E6D00F14BBD /* Release */,
			);
			defaultConfigurationIsVisible = 0;
			defaultConfigurationName = Release;
		};
/* End XCConfigurationList section */
	};
	rootObject = 8461607421EA2E6D00F14BBD /* Project object */;
}
